<?xml version="1.0" encoding="utf-8"?>
<Project ToolsVersion="4.0" xmlns="http://schemas.microsoft.com/developer/msbuild/2003">
  <ItemGroup>
    <Filter Include="Source Files">
      <UniqueIdentifier>{4FC737F1-C7A5-4376-A066-2A32D752A2FF}</UniqueIdentifier>
      <Extensions>cpp;c;cc;cxx;def;odl;idl;hpj;bat;asm;asmx</Extensions>
    </Filter>
    <Filter Include="Header Files">
      <UniqueIdentifier>{93995380-89BD-4b04-88EB-625FBE52EBFB}</UniqueIdentifier>
      <Extensions>h;hh;hpp;hxx;hm;inl;inc;xsd</Extensions>
    </Filter>
    <Filter Include="Header Files\PublicInterfaces">
      <UniqueIdentifier>{1428b178-44b5-48b6-927a-bc5dab46bf75}</UniqueIdentifier>
    </Filter>
  </ItemGroup>
  <ItemGroup>
    <ClInclude Include="..\..\..\src\LcpCryptoLib\BaseLcpNode.h">
      <Filter>Header Files</Filter>
    </ClInclude>
    <ClInclude Include="..\..\..\src\LcpCryptoLib\CryptoLcpNode.h">
      <Filter>Header Files</Filter>
    </ClInclude>
    <ClInclude Include="..\..\..\src\LcpCryptoLib\ILcpNode.h">
      <Filter>Header Files</Filter>
    </ClInclude>
    <ClInclude Include="..\..\..\src\LcpCryptoLib\JsonValueReader.h">
      <Filter>Header Files</Filter>
    </ClInclude>
    <ClInclude Include="..\..\..\src\LcpCryptoLib\LcpService.h">
      <Filter>Header Files</Filter>
    </ClInclude>
    <ClInclude Include="..\..\..\src\LcpCryptoLib\LcpUtils.h">
      <Filter>Header Files</Filter>
    </ClInclude>
    <ClInclude Include="..\..\..\src\LcpCryptoLib\LinksLcpNode.h">
      <Filter>Header Files</Filter>
    </ClInclude>
    <ClInclude Include="..\..\..\src\LcpCryptoLib\RightsLcpNode.h">
      <Filter>Header Files</Filter>
    </ClInclude>
    <ClInclude Include="..\..\..\src\LcpCryptoLib\RootLcpNode.h">
      <Filter>Header Files</Filter>
    </ClInclude>
    <ClInclude Include="..\..\..\src\LcpCryptoLib\UserLcpNode.h">
      <Filter>Header Files</Filter>
    </ClInclude>
    <ClInclude Include="..\..\..\src\LcpCryptoLib\PublicInterfaces\ICrypto.h">
      <Filter>Header Files\PublicInterfaces</Filter>
    </ClInclude>
    <ClInclude Include="..\..\..\src\LcpCryptoLib\PublicInterfaces\ILcpService.h">
      <Filter>Header Files\PublicInterfaces</Filter>
    </ClInclude>
    <ClInclude Include="..\..\..\src\LcpCryptoLib\PublicInterfaces\ILicense.h">
      <Filter>Header Files\PublicInterfaces</Filter>
    </ClInclude>
    <ClInclude Include="..\..\..\src\LcpCryptoLib\PublicInterfaces\ILinks.h">
      <Filter>Header Files\PublicInterfaces</Filter>
    </ClInclude>
    <ClInclude Include="..\..\..\src\LcpCryptoLib\PublicInterfaces\IRights.h">
      <Filter>Header Files\PublicInterfaces</Filter>
    </ClInclude>
    <ClInclude Include="..\..\..\src\LcpCryptoLib\PublicInterfaces\Iterator.h">
      <Filter>Header Files\PublicInterfaces</Filter>
    </ClInclude>
    <ClInclude Include="..\..\..\src\LcpCryptoLib\PublicInterfaces\IUser.h">
      <Filter>Header Files\PublicInterfaces</Filter>
    </ClInclude>
    <ClInclude Include="..\..\..\src\LcpCryptoLib\PublicInterfaces\lcp.h">
      <Filter>Header Files\PublicInterfaces</Filter>
    </ClInclude>
    <ClInclude Include="..\..\..\src\LcpCryptoLib\PublicInterfaces\LcpServiceCreator.h">
      <Filter>Header Files\PublicInterfaces</Filter>
    </ClInclude>
    <ClInclude Include="..\..\..\src\LcpCryptoLib\PublicInterfaces\LcpStatus.h">
      <Filter>Header Files\PublicInterfaces</Filter>
    </ClInclude>
  </ItemGroup>
  <ItemGroup>
    <ClCompile Include="..\..\..\src\LcpCryptoLib\CryptoLcpNode.cpp">
      <Filter>Source Files</Filter>
    </ClCompile>
    <ClCompile Include="..\..\..\src\LcpCryptoLib\JsonValueReader.cpp">
      <Filter>Source Files</Filter>
    </ClCompile>
    <ClCompile Include="..\..\..\src\LcpCryptoLib\LcpService.cpp">
      <Filter>Source Files</Filter>
    </ClCompile>
    <ClCompile Include="..\..\..\src\LcpCryptoLib\LcpServiceCreator.cpp">
      <Filter>Source Files</Filter>
    </ClCompile>
    <ClCompile Include="..\..\..\src\LcpCryptoLib\LcpUtils.cpp">
      <Filter>Source Files</Filter>
    </ClCompile>
    <ClCompile Include="..\..\..\src\LcpCryptoLib\LinksLcpNode.cpp">
      <Filter>Source Files</Filter>
    </ClCompile>
    <ClCompile Include="..\..\..\src\LcpCryptoLib\RightsLcpNode.cpp">
      <Filter>Source Files</Filter>
    </ClCompile>
    <ClCompile Include="..\..\..\src\LcpCryptoLib\RootLcpNode.cpp">
      <Filter>Source Files</Filter>
    </ClCompile>
    <ClCompile Include="..\..\..\src\LcpCryptoLib\UserLcpNode.cpp">
      <Filter>Source Files</Filter>
    </ClCompile>
    <ClCompile Include="..\..\..\src\LcpCryptoLib\ILinks.cpp">
      <Filter>Source Files</Filter>
    </ClCompile>
    <ClCompile Include="..\..\..\src\LcpCryptoLib\IRights.cpp">
      <Filter>Source Files</Filter>
    </ClCompile>
  </ItemGroup>
</Project>