// !$*UTF8*$!
{
	archiveVersion = 1;
	classes = {
	};
	objectVersion = 46;
	objects = {

/* Begin PBXBuildFile section */
		5A01157C1C07651D006F1A6F /* LcpiOSStorageProvider.mm in Sources */ = {isa = PBXBuildFile; fileRef = 5A0115771C07651D006F1A6F /* LcpiOSStorageProvider.mm */; };
		5A01157D1C07651D006F1A6F /* UICKeyChainStore.m in Sources */ = {isa = PBXBuildFile; fileRef = 5A01157B1C07651D006F1A6F /* UICKeyChainStore.m */; };
		5A4C17F61C0479A400DC8DCD /* AesCbcSymmetricAlgorithm.cpp in Sources */ = {isa = PBXBuildFile; fileRef = 5A4C17B51C0479A400DC8DCD /* AesCbcSymmetricAlgorithm.cpp */; };
		5A4C17F71C0479A400DC8DCD /* AlgorithmNames.cpp in Sources */ = {isa = PBXBuildFile; fileRef = 5A4C17B71C0479A400DC8DCD /* AlgorithmNames.cpp */; };
		5A4C17F81C0479A400DC8DCD /* Certificate.cpp in Sources */ = {isa = PBXBuildFile; fileRef = 5A4C17BB1C0479A400DC8DCD /* Certificate.cpp */; };
		5A4C17F91C0479A400DC8DCD /* CryptoLcpNode.cpp in Sources */ = {isa = PBXBuildFile; fileRef = 5A4C17BE1C0479A400DC8DCD /* CryptoLcpNode.cpp */; };
		5A4C17FA1C0479A400DC8DCD /* CryptoppCryptoProvider.cpp in Sources */ = {isa = PBXBuildFile; fileRef = 5A4C17C01C0479A400DC8DCD /* CryptoppCryptoProvider.cpp */; };
		5A4C17FB1C0479A400DC8DCD /* CryptoppUtils.cpp in Sources */ = {isa = PBXBuildFile; fileRef = 5A4C17C21C0479A400DC8DCD /* CryptoppUtils.cpp */; };
		5A4C17FC1C0479A400DC8DCD /* DateTime.cpp in Sources */ = {isa = PBXBuildFile; fileRef = 5A4C17C41C0479A400DC8DCD /* DateTime.cpp */; };
		5A4C17FD1C0479A400DC8DCD /* EncryptionProfileNames.cpp in Sources */ = {isa = PBXBuildFile; fileRef = 5A4C17C61C0479A400DC8DCD /* EncryptionProfileNames.cpp */; };
		5A4C17FE1C0479A400DC8DCD /* EncryptionProfilesManager.cpp in Sources */ = {isa = PBXBuildFile; fileRef = 5A4C17C81C0479A400DC8DCD /* EncryptionProfilesManager.cpp */; };
		5A4C17FF1C0479A400DC8DCD /* JsonCanonicalizer.cpp in Sources */ = {isa = PBXBuildFile; fileRef = 5A4C17CF1C0479A400DC8DCD /* JsonCanonicalizer.cpp */; };
		5A4C18001C0479A400DC8DCD /* JsonValueReader.cpp in Sources */ = {isa = PBXBuildFile; fileRef = 5A4C17D11C0479A400DC8DCD /* JsonValueReader.cpp */; };
		5A4C18011C0479A400DC8DCD /* Lcp1dot0EncryptionProfile.cpp in Sources */ = {isa = PBXBuildFile; fileRef = 5A4C17D31C0479A400DC8DCD /* Lcp1dot0EncryptionProfile.cpp */; };
		5A4C18021C0479A400DC8DCD /* LcpService.cpp in Sources */ = {isa = PBXBuildFile; fileRef = 5A4C17D51C0479A400DC8DCD /* LcpService.cpp */; };
		5A4C18031C0479A400DC8DCD /* LcpServiceCreator.cpp in Sources */ = {isa = PBXBuildFile; fileRef = 5A4C17D71C0479A400DC8DCD /* LcpServiceCreator.cpp */; };
		5A4C18041C0479A400DC8DCD /* LcpUtils.cpp in Sources */ = {isa = PBXBuildFile; fileRef = 5A4C17D81C0479A400DC8DCD /* LcpUtils.cpp */; };
		5A4C18051C0479A400DC8DCD /* LinksLcpNode.cpp in Sources */ = {isa = PBXBuildFile; fileRef = 5A4C17DA1C0479A400DC8DCD /* LinksLcpNode.cpp */; };
		5A4C18061C0479A400DC8DCD /* RightsLcpNode.cpp in Sources */ = {isa = PBXBuildFile; fileRef = 5A4C17E91C0479A400DC8DCD /* RightsLcpNode.cpp */; };
		5A4C18071C0479A400DC8DCD /* RootLcpNode.cpp in Sources */ = {isa = PBXBuildFile; fileRef = 5A4C17EB1C0479A400DC8DCD /* RootLcpNode.cpp */; };
		5A4C18081C0479A400DC8DCD /* RsaSha256SignatureAlgorithm.cpp in Sources */ = {isa = PBXBuildFile; fileRef = 5A4C17ED1C0479A400DC8DCD /* RsaSha256SignatureAlgorithm.cpp */; };
		5A4C18091C0479A400DC8DCD /* Sha256HashAlgorithm.cpp in Sources */ = {isa = PBXBuildFile; fileRef = 5A4C17EF1C0479A400DC8DCD /* Sha256HashAlgorithm.cpp */; };
		5A4C180A1C0479A400DC8DCD /* UserLcpNode.cpp in Sources */ = {isa = PBXBuildFile; fileRef = 5A4C17F21C0479A400DC8DCD /* UserLcpNode.cpp */; };
		5A4C180B1C0479A400DC8DCD /* UUIDGenerator.cpp in Sources */ = {isa = PBXBuildFile; fileRef = 5A4C17F41C0479A400DC8DCD /* UUIDGenerator.cpp */; };
		5A517DCA1C0751E60005877F /* LcpContentFilter.cpp in Sources */ = {isa = PBXBuildFile; fileRef = 5A517DC71C0751E60005877F /* LcpContentFilter.cpp */; };
		5A5C61531C04C01800185159 /* libcryptopp.a in Frameworks */ = {isa = PBXBuildFile; fileRef = 5A5C61521C04BFF500185159 /* libcryptopp.a */; };
/* End PBXBuildFile section */

/* Begin PBXContainerItemProxy section */
		5A5C61511C04BFF500185159 /* PBXContainerItemProxy */ = {
			isa = PBXContainerItemProxy;
			containerPortal = 5A5C614D1C04BFF500185159 /* cryptopp.xcodeproj */;
			proxyType = 2;
			remoteGlobalIDString = 5A5C5FAC1C04BAD700185159;
			remoteInfo = cryptopp;
		};
/* End PBXContainerItemProxy section */

/* Begin PBXFileReference section */
		5A0115761C07651D006F1A6F /* LcpiOSStorageProvider.h */ = {isa = PBXFileReference; fileEncoding = 4; lastKnownFileType = sourcecode.c.h; path = LcpiOSStorageProvider.h; sourceTree = "<group>"; };
		5A0115771C07651D006F1A6F /* LcpiOSStorageProvider.mm */ = {isa = PBXFileReference; fileEncoding = 4; lastKnownFileType = sourcecode.cpp.objcpp; path = LcpiOSStorageProvider.mm; sourceTree = "<group>"; };
		5A01157A1C07651D006F1A6F /* UICKeyChainStore.h */ = {isa = PBXFileReference; fileEncoding = 4; lastKnownFileType = sourcecode.c.h; path = UICKeyChainStore.h; sourceTree = "<group>"; };
		5A01157B1C07651D006F1A6F /* UICKeyChainStore.m */ = {isa = PBXFileReference; fileEncoding = 4; lastKnownFileType = sourcecode.c.objc; path = UICKeyChainStore.m; sourceTree = "<group>"; };
		5A3420101C06270700BA3683 /* DecryptionContextImpl.h */ = {isa = PBXFileReference; fileEncoding = 4; lastKnownFileType = sourcecode.c.h; path = DecryptionContextImpl.h; sourceTree = "<group>"; };
		5A3420111C06271700BA3683 /* IDecryptionContext.h */ = {isa = PBXFileReference; lastKnownFileType = sourcecode.c.h; path = IDecryptionContext.h; sourceTree = "<group>"; };
		5A4C17B51C0479A400DC8DCD /* AesCbcSymmetricAlgorithm.cpp */ = {isa = PBXFileReference; fileEncoding = 4; lastKnownFileType = sourcecode.cpp.cpp; path = AesCbcSymmetricAlgorithm.cpp; sourceTree = "<group>"; };
		5A4C17B61C0479A400DC8DCD /* AesCbcSymmetricAlgorithm.h */ = {isa = PBXFileReference; fileEncoding = 4; lastKnownFileType = sourcecode.c.h; path = AesCbcSymmetricAlgorithm.h; sourceTree = "<group>"; };
		5A4C17B71C0479A400DC8DCD /* AlgorithmNames.cpp */ = {isa = PBXFileReference; fileEncoding = 4; lastKnownFileType = sourcecode.cpp.cpp; path = AlgorithmNames.cpp; sourceTree = "<group>"; };
		5A4C17B81C0479A400DC8DCD /* AlgorithmNames.h */ = {isa = PBXFileReference; fileEncoding = 4; lastKnownFileType = sourcecode.c.h; path = AlgorithmNames.h; sourceTree = "<group>"; };
		5A4C17B91C0479A400DC8DCD /* BaseLcpNode.h */ = {isa = PBXFileReference; fileEncoding = 4; lastKnownFileType = sourcecode.c.h; path = BaseLcpNode.h; sourceTree = "<group>"; };
		5A4C17BA1C0479A400DC8DCD /* CanonicalWriter.h */ = {isa = PBXFileReference; fileEncoding = 4; lastKnownFileType = sourcecode.c.h; path = CanonicalWriter.h; sourceTree = "<group>"; };
		5A4C17BB1C0479A400DC8DCD /* Certificate.cpp */ = {isa = PBXFileReference; fileEncoding = 4; lastKnownFileType = sourcecode.cpp.cpp; path = Certificate.cpp; sourceTree = "<group>"; };
		5A4C17BC1C0479A400DC8DCD /* Certificate.h */ = {isa = PBXFileReference; fileEncoding = 4; lastKnownFileType = sourcecode.c.h; path = Certificate.h; sourceTree = "<group>"; };
		5A4C17BD1C0479A400DC8DCD /* CryptoAlgorithmInterfaces.h */ = {isa = PBXFileReference; fileEncoding = 4; lastKnownFileType = sourcecode.c.h; path = CryptoAlgorithmInterfaces.h; sourceTree = "<group>"; };
		5A4C17BE1C0479A400DC8DCD /* CryptoLcpNode.cpp */ = {isa = PBXFileReference; fileEncoding = 4; lastKnownFileType = sourcecode.cpp.cpp; path = CryptoLcpNode.cpp; sourceTree = "<group>"; };
		5A4C17BF1C0479A400DC8DCD /* CryptoLcpNode.h */ = {isa = PBXFileReference; fileEncoding = 4; lastKnownFileType = sourcecode.c.h; path = CryptoLcpNode.h; sourceTree = "<group>"; };
		5A4C17C01C0479A400DC8DCD /* CryptoppCryptoProvider.cpp */ = {isa = PBXFileReference; fileEncoding = 4; lastKnownFileType = sourcecode.cpp.cpp; path = CryptoppCryptoProvider.cpp; sourceTree = "<group>"; };
		5A4C17C11C0479A400DC8DCD /* CryptoppCryptoProvider.h */ = {isa = PBXFileReference; fileEncoding = 4; lastKnownFileType = sourcecode.c.h; path = CryptoppCryptoProvider.h; sourceTree = "<group>"; };
		5A4C17C21C0479A400DC8DCD /* CryptoppUtils.cpp */ = {isa = PBXFileReference; fileEncoding = 4; lastKnownFileType = sourcecode.cpp.cpp; path = CryptoppUtils.cpp; sourceTree = "<group>"; };
		5A4C17C31C0479A400DC8DCD /* CryptoppUtils.h */ = {isa = PBXFileReference; fileEncoding = 4; lastKnownFileType = sourcecode.c.h; path = CryptoppUtils.h; sourceTree = "<group>"; };
		5A4C17C41C0479A400DC8DCD /* DateTime.cpp */ = {isa = PBXFileReference; fileEncoding = 4; lastKnownFileType = sourcecode.cpp.cpp; path = DateTime.cpp; sourceTree = "<group>"; };
		5A4C17C51C0479A400DC8DCD /* DateTime.h */ = {isa = PBXFileReference; fileEncoding = 4; lastKnownFileType = sourcecode.c.h; path = DateTime.h; sourceTree = "<group>"; };
		5A4C17C61C0479A400DC8DCD /* EncryptionProfileNames.cpp */ = {isa = PBXFileReference; fileEncoding = 4; lastKnownFileType = sourcecode.cpp.cpp; path = EncryptionProfileNames.cpp; sourceTree = "<group>"; };
		5A4C17C71C0479A400DC8DCD /* EncryptionProfileNames.h */ = {isa = PBXFileReference; fileEncoding = 4; lastKnownFileType = sourcecode.c.h; path = EncryptionProfileNames.h; sourceTree = "<group>"; };
		5A4C17C81C0479A400DC8DCD /* EncryptionProfilesManager.cpp */ = {isa = PBXFileReference; fileEncoding = 4; lastKnownFileType = sourcecode.cpp.cpp; path = EncryptionProfilesManager.cpp; sourceTree = "<group>"; };
		5A4C17C91C0479A400DC8DCD /* EncryptionProfilesManager.h */ = {isa = PBXFileReference; fileEncoding = 4; lastKnownFileType = sourcecode.c.h; path = EncryptionProfilesManager.h; sourceTree = "<group>"; };
		5A4C17CA1C0479A400DC8DCD /* ICertificate.h */ = {isa = PBXFileReference; fileEncoding = 4; lastKnownFileType = sourcecode.c.h; path = ICertificate.h; sourceTree = "<group>"; };
		5A4C17CB1C0479A400DC8DCD /* ICryptoProvider.h */ = {isa = PBXFileReference; fileEncoding = 4; lastKnownFileType = sourcecode.c.h; path = ICryptoProvider.h; sourceTree = "<group>"; };
		5A4C17CC1C0479A400DC8DCD /* IEncryptionProfile.h */ = {isa = PBXFileReference; fileEncoding = 4; lastKnownFileType = sourcecode.c.h; path = IEncryptionProfile.h; sourceTree = "<group>"; };
		5A4C17CD1C0479A400DC8DCD /* IKeyProvider.h */ = {isa = PBXFileReference; fileEncoding = 4; lastKnownFileType = sourcecode.c.h; path = IKeyProvider.h; sourceTree = "<group>"; };
		5A4C17CE1C0479A400DC8DCD /* ILcpNode.h */ = {isa = PBXFileReference; fileEncoding = 4; lastKnownFileType = sourcecode.c.h; path = ILcpNode.h; sourceTree = "<group>"; };
		5A4C17CF1C0479A400DC8DCD /* JsonCanonicalizer.cpp */ = {isa = PBXFileReference; fileEncoding = 4; lastKnownFileType = sourcecode.cpp.cpp; path = JsonCanonicalizer.cpp; sourceTree = "<group>"; };
		5A4C17D01C0479A400DC8DCD /* JsonCanonicalizer.h */ = {isa = PBXFileReference; fileEncoding = 4; lastKnownFileType = sourcecode.c.h; path = JsonCanonicalizer.h; sourceTree = "<group>"; };
		5A4C17D11C0479A400DC8DCD /* JsonValueReader.cpp */ = {isa = PBXFileReference; fileEncoding = 4; lastKnownFileType = sourcecode.cpp.cpp; path = JsonValueReader.cpp; sourceTree = "<group>"; };
		5A4C17D21C0479A400DC8DCD /* JsonValueReader.h */ = {isa = PBXFileReference; fileEncoding = 4; lastKnownFileType = sourcecode.c.h; path = JsonValueReader.h; sourceTree = "<group>"; };
		5A4C17D31C0479A400DC8DCD /* Lcp1dot0EncryptionProfile.cpp */ = {isa = PBXFileReference; fileEncoding = 4; lastKnownFileType = sourcecode.cpp.cpp; path = Lcp1dot0EncryptionProfile.cpp; sourceTree = "<group>"; };
		5A4C17D41C0479A400DC8DCD /* Lcp1dot0EncryptionProfile.h */ = {isa = PBXFileReference; fileEncoding = 4; lastKnownFileType = sourcecode.c.h; path = Lcp1dot0EncryptionProfile.h; sourceTree = "<group>"; };
		5A4C17D51C0479A400DC8DCD /* LcpService.cpp */ = {isa = PBXFileReference; fileEncoding = 4; lastKnownFileType = sourcecode.cpp.cpp; path = LcpService.cpp; sourceTree = "<group>"; };
		5A4C17D61C0479A400DC8DCD /* LcpService.h */ = {isa = PBXFileReference; fileEncoding = 4; lastKnownFileType = sourcecode.c.h; path = LcpService.h; sourceTree = "<group>"; };
		5A4C17D71C0479A400DC8DCD /* LcpServiceCreator.cpp */ = {isa = PBXFileReference; fileEncoding = 4; lastKnownFileType = sourcecode.cpp.cpp; path = LcpServiceCreator.cpp; sourceTree = "<group>"; };
		5A4C17D81C0479A400DC8DCD /* LcpUtils.cpp */ = {isa = PBXFileReference; fileEncoding = 4; lastKnownFileType = sourcecode.cpp.cpp; path = LcpUtils.cpp; sourceTree = "<group>"; };
		5A4C17D91C0479A400DC8DCD /* LcpUtils.h */ = {isa = PBXFileReference; fileEncoding = 4; lastKnownFileType = sourcecode.c.h; path = LcpUtils.h; sourceTree = "<group>"; };
		5A4C17DA1C0479A400DC8DCD /* LinksLcpNode.cpp */ = {isa = PBXFileReference; fileEncoding = 4; lastKnownFileType = sourcecode.cpp.cpp; path = LinksLcpNode.cpp; sourceTree = "<group>"; };
		5A4C17DB1C0479A400DC8DCD /* LinksLcpNode.h */ = {isa = PBXFileReference; fileEncoding = 4; lastKnownFileType = sourcecode.c.h; path = LinksLcpNode.h; sourceTree = "<group>"; };
		5A4C17DD1C0479A400DC8DCD /* ICrypto.h */ = {isa = PBXFileReference; fileEncoding = 4; lastKnownFileType = sourcecode.c.h; path = ICrypto.h; sourceTree = "<group>"; };
		5A4C17DE1C0479A400DC8DCD /* ILcpService.h */ = {isa = PBXFileReference; fileEncoding = 4; lastKnownFileType = sourcecode.c.h; path = ILcpService.h; sourceTree = "<group>"; };
		5A4C17DF1C0479A400DC8DCD /* ILicense.h */ = {isa = PBXFileReference; fileEncoding = 4; lastKnownFileType = sourcecode.c.h; path = ILicense.h; sourceTree = "<group>"; };
		5A4C17E01C0479A400DC8DCD /* ILinks.h */ = {isa = PBXFileReference; fileEncoding = 4; lastKnownFileType = sourcecode.c.h; path = ILinks.h; sourceTree = "<group>"; };
		5A4C17E11C0479A400DC8DCD /* INetProvider.h */ = {isa = PBXFileReference; fileEncoding = 4; lastKnownFileType = sourcecode.c.h; path = INetProvider.h; sourceTree = "<group>"; };
		5A4C17E21C0479A400DC8DCD /* IRights.h */ = {isa = PBXFileReference; fileEncoding = 4; lastKnownFileType = sourcecode.c.h; path = IRights.h; sourceTree = "<group>"; };
		5A4C17E31C0479A400DC8DCD /* IStorageProvider.h */ = {isa = PBXFileReference; fileEncoding = 4; lastKnownFileType = sourcecode.c.h; path = IStorageProvider.h; sourceTree = "<group>"; };
		5A4C17E41C0479A400DC8DCD /* Iterator.h */ = {isa = PBXFileReference; fileEncoding = 4; lastKnownFileType = sourcecode.c.h; path = Iterator.h; sourceTree = "<group>"; };
		5A4C17E51C0479A400DC8DCD /* IUser.h */ = {isa = PBXFileReference; fileEncoding = 4; lastKnownFileType = sourcecode.c.h; path = IUser.h; sourceTree = "<group>"; };
		5A4C17E61C0479A400DC8DCD /* lcp.h */ = {isa = PBXFileReference; fileEncoding = 4; lastKnownFileType = sourcecode.c.h; path = lcp.h; sourceTree = "<group>"; };
		5A4C17E71C0479A400DC8DCD /* LcpServiceCreator.h */ = {isa = PBXFileReference; fileEncoding = 4; lastKnownFileType = sourcecode.c.h; path = LcpServiceCreator.h; sourceTree = "<group>"; };
		5A4C17E81C0479A400DC8DCD /* LcpStatus.h */ = {isa = PBXFileReference; fileEncoding = 4; lastKnownFileType = sourcecode.c.h; path = LcpStatus.h; sourceTree = "<group>"; };
		5A4C17E91C0479A400DC8DCD /* RightsLcpNode.cpp */ = {isa = PBXFileReference; fileEncoding = 4; lastKnownFileType = sourcecode.cpp.cpp; path = RightsLcpNode.cpp; sourceTree = "<group>"; };
		5A4C17EA1C0479A400DC8DCD /* RightsLcpNode.h */ = {isa = PBXFileReference; fileEncoding = 4; lastKnownFileType = sourcecode.c.h; path = RightsLcpNode.h; sourceTree = "<group>"; };
		5A4C17EB1C0479A400DC8DCD /* RootLcpNode.cpp */ = {isa = PBXFileReference; fileEncoding = 4; lastKnownFileType = sourcecode.cpp.cpp; path = RootLcpNode.cpp; sourceTree = "<group>"; };
		5A4C17EC1C0479A400DC8DCD /* RootLcpNode.h */ = {isa = PBXFileReference; fileEncoding = 4; lastKnownFileType = sourcecode.c.h; path = RootLcpNode.h; sourceTree = "<group>"; };
		5A4C17ED1C0479A400DC8DCD /* RsaSha256SignatureAlgorithm.cpp */ = {isa = PBXFileReference; fileEncoding = 4; lastKnownFileType = sourcecode.cpp.cpp; path = RsaSha256SignatureAlgorithm.cpp; sourceTree = "<group>"; };
		5A4C17EE1C0479A400DC8DCD /* RsaSha256SignatureAlgorithm.h */ = {isa = PBXFileReference; fileEncoding = 4; lastKnownFileType = sourcecode.c.h; path = RsaSha256SignatureAlgorithm.h; sourceTree = "<group>"; };
		5A4C17EF1C0479A400DC8DCD /* Sha256HashAlgorithm.cpp */ = {isa = PBXFileReference; fileEncoding = 4; lastKnownFileType = sourcecode.cpp.cpp; path = Sha256HashAlgorithm.cpp; sourceTree = "<group>"; };
		5A4C17F01C0479A400DC8DCD /* Sha256HashAlgorithm.h */ = {isa = PBXFileReference; fileEncoding = 4; lastKnownFileType = sourcecode.c.h; path = Sha256HashAlgorithm.h; sourceTree = "<group>"; };
		5A4C17F11C0479A400DC8DCD /* SimpleKeyProvider.h */ = {isa = PBXFileReference; fileEncoding = 4; lastKnownFileType = sourcecode.c.h; path = SimpleKeyProvider.h; sourceTree = "<group>"; };
		5A4C17F21C0479A400DC8DCD /* UserLcpNode.cpp */ = {isa = PBXFileReference; fileEncoding = 4; lastKnownFileType = sourcecode.cpp.cpp; path = UserLcpNode.cpp; sourceTree = "<group>"; };
		5A4C17F31C0479A400DC8DCD /* UserLcpNode.h */ = {isa = PBXFileReference; fileEncoding = 4; lastKnownFileType = sourcecode.c.h; path = UserLcpNode.h; sourceTree = "<group>"; };
		5A4C17F41C0479A400DC8DCD /* UUIDGenerator.cpp */ = {isa = PBXFileReference; fileEncoding = 4; lastKnownFileType = sourcecode.cpp.cpp; path = UUIDGenerator.cpp; sourceTree = "<group>"; };
		5A4C17F51C0479A400DC8DCD /* UUIDGenerator.h */ = {isa = PBXFileReference; fileEncoding = 4; lastKnownFileType = sourcecode.c.h; path = UUIDGenerator.h; sourceTree = "<group>"; };
		5A517DC71C0751E60005877F /* LcpContentFilter.cpp */ = {isa = PBXFileReference; fileEncoding = 4; lastKnownFileType = sourcecode.cpp.cpp; path = LcpContentFilter.cpp; sourceTree = "<group>"; };
		5A517DC91C0751E60005877F /* LcpContentFilter.h */ = {isa = PBXFileReference; fileEncoding = 4; lastKnownFileType = sourcecode.c.h; path = LcpContentFilter.h; sourceTree = "<group>"; };
		5A517DD51C075C700005877F /* LcpFilterContext.h */ = {isa = PBXFileReference; fileEncoding = 4; lastKnownFileType = sourcecode.c.h; path = LcpFilterContext.h; sourceTree = "<group>"; };
		5A5C614D1C04BFF500185159 /* cryptopp.xcodeproj */ = {isa = PBXFileReference; lastKnownFileType = "wrapper.pb-project"; name = cryptopp.xcodeproj; path = cryptopp/cryptopp.xcodeproj; sourceTree = "<group>"; };
		5AAEF18B1BF9D3FD003CF710 /* allocators.h */ = {isa = PBXFileReference; fileEncoding = 4; lastKnownFileType = sourcecode.c.h; path = allocators.h; sourceTree = "<group>"; };
		5AAEF18C1BF9D3FD003CF710 /* document.h */ = {isa = PBXFileReference; fileEncoding = 4; lastKnownFileType = sourcecode.c.h; path = document.h; sourceTree = "<group>"; };
		5AAEF18D1BF9D3FD003CF710 /* encodedstream.h */ = {isa = PBXFileReference; fileEncoding = 4; lastKnownFileType = sourcecode.c.h; path = encodedstream.h; sourceTree = "<group>"; };
		5AAEF18E1BF9D3FD003CF710 /* encodings.h */ = {isa = PBXFileReference; fileEncoding = 4; lastKnownFileType = sourcecode.c.h; path = encodings.h; sourceTree = "<group>"; };
		5AAEF1901BF9D3FD003CF710 /* en.h */ = {isa = PBXFileReference; fileEncoding = 4; lastKnownFileType = sourcecode.c.h; path = en.h; sourceTree = "<group>"; };
		5AAEF1911BF9D3FD003CF710 /* error.h */ = {isa = PBXFileReference; fileEncoding = 4; lastKnownFileType = sourcecode.c.h; path = error.h; sourceTree = "<group>"; };
		5AAEF1921BF9D3FD003CF710 /* filereadstream.h */ = {isa = PBXFileReference; fileEncoding = 4; lastKnownFileType = sourcecode.c.h; path = filereadstream.h; sourceTree = "<group>"; };
		5AAEF1931BF9D3FD003CF710 /* filewritestream.h */ = {isa = PBXFileReference; fileEncoding = 4; lastKnownFileType = sourcecode.c.h; path = filewritestream.h; sourceTree = "<group>"; };
		5AAEF1951BF9D3FD003CF710 /* biginteger.h */ = {isa = PBXFileReference; fileEncoding = 4; lastKnownFileType = sourcecode.c.h; path = biginteger.h; sourceTree = "<group>"; };
		5AAEF1961BF9D3FD003CF710 /* diyfp.h */ = {isa = PBXFileReference; fileEncoding = 4; lastKnownFileType = sourcecode.c.h; path = diyfp.h; sourceTree = "<group>"; };
		5AAEF1971BF9D3FD003CF710 /* dtoa.h */ = {isa = PBXFileReference; fileEncoding = 4; lastKnownFileType = sourcecode.c.h; path = dtoa.h; sourceTree = "<group>"; };
		5AAEF1981BF9D3FD003CF710 /* ieee754.h */ = {isa = PBXFileReference; fileEncoding = 4; lastKnownFileType = sourcecode.c.h; path = ieee754.h; sourceTree = "<group>"; };
		5AAEF1991BF9D3FD003CF710 /* itoa.h */ = {isa = PBXFileReference; fileEncoding = 4; lastKnownFileType = sourcecode.c.h; path = itoa.h; sourceTree = "<group>"; };
		5AAEF19A1BF9D3FD003CF710 /* meta.h */ = {isa = PBXFileReference; fileEncoding = 4; lastKnownFileType = sourcecode.c.h; path = meta.h; sourceTree = "<group>"; };
		5AAEF19B1BF9D3FD003CF710 /* pow10.h */ = {isa = PBXFileReference; fileEncoding = 4; lastKnownFileType = sourcecode.c.h; path = pow10.h; sourceTree = "<group>"; };
		5AAEF19C1BF9D3FD003CF710 /* stack.h */ = {isa = PBXFileReference; fileEncoding = 4; lastKnownFileType = sourcecode.c.h; path = stack.h; sourceTree = "<group>"; };
		5AAEF19D1BF9D3FD003CF710 /* strfunc.h */ = {isa = PBXFileReference; fileEncoding = 4; lastKnownFileType = sourcecode.c.h; path = strfunc.h; sourceTree = "<group>"; };
		5AAEF19E1BF9D3FD003CF710 /* strtod.h */ = {isa = PBXFileReference; fileEncoding = 4; lastKnownFileType = sourcecode.c.h; path = strtod.h; sourceTree = "<group>"; };
		5AAEF19F1BF9D3FD003CF710 /* swap.h */ = {isa = PBXFileReference; fileEncoding = 4; lastKnownFileType = sourcecode.c.h; path = swap.h; sourceTree = "<group>"; };
		5AAEF1A01BF9D3FD003CF710 /* memorybuffer.h */ = {isa = PBXFileReference; fileEncoding = 4; lastKnownFileType = sourcecode.c.h; path = memorybuffer.h; sourceTree = "<group>"; };
		5AAEF1A11BF9D3FD003CF710 /* memorystream.h */ = {isa = PBXFileReference; fileEncoding = 4; lastKnownFileType = sourcecode.c.h; path = memorystream.h; sourceTree = "<group>"; };
		5AAEF1A31BF9D3FD003CF710 /* inttypes.h */ = {isa = PBXFileReference; fileEncoding = 4; lastKnownFileType = sourcecode.c.h; path = inttypes.h; sourceTree = "<group>"; };
		5AAEF1A41BF9D3FD003CF710 /* stdint.h */ = {isa = PBXFileReference; fileEncoding = 4; lastKnownFileType = sourcecode.c.h; path = stdint.h; sourceTree = "<group>"; };
		5AAEF1A51BF9D3FD003CF710 /* pointer.h */ = {isa = PBXFileReference; fileEncoding = 4; lastKnownFileType = sourcecode.c.h; path = pointer.h; sourceTree = "<group>"; };
		5AAEF1A61BF9D3FD003CF710 /* prettywriter.h */ = {isa = PBXFileReference; fileEncoding = 4; lastKnownFileType = sourcecode.c.h; path = prettywriter.h; sourceTree = "<group>"; };
		5AAEF1A71BF9D3FD003CF710 /* rapidjson.h */ = {isa = PBXFileReference; fileEncoding = 4; lastKnownFileType = sourcecode.c.h; path = rapidjson.h; sourceTree = "<group>"; };
		5AAEF1A81BF9D3FD003CF710 /* reader.h */ = {isa = PBXFileReference; fileEncoding = 4; lastKnownFileType = sourcecode.c.h; path = reader.h; sourceTree = "<group>"; };
		5AAEF1A91BF9D3FD003CF710 /* stringbuffer.h */ = {isa = PBXFileReference; fileEncoding = 4; lastKnownFileType = sourcecode.c.h; path = stringbuffer.h; sourceTree = "<group>"; };
		5AAEF1AA1BF9D3FD003CF710 /* writer.h */ = {isa = PBXFileReference; fileEncoding = 4; lastKnownFileType = sourcecode.c.h; path = writer.h; sourceTree = "<group>"; };
		5AAEF1AD1BF9D3FD003CF710 /* checked.h */ = {isa = PBXFileReference; fileEncoding = 4; lastKnownFileType = sourcecode.c.h; path = checked.h; sourceTree = "<group>"; };
		5AAEF1AE1BF9D3FD003CF710 /* core.h */ = {isa = PBXFileReference; fileEncoding = 4; lastKnownFileType = sourcecode.c.h; path = core.h; sourceTree = "<group>"; };
		5AAEF1AF1BF9D3FD003CF710 /* unchecked.h */ = {isa = PBXFileReference; fileEncoding = 4; lastKnownFileType = sourcecode.c.h; path = unchecked.h; sourceTree = "<group>"; };
		5AAEF1B01BF9D3FD003CF710 /* utf8.h */ = {isa = PBXFileReference; fileEncoding = 4; lastKnownFileType = sourcecode.c.h; path = utf8.h; sourceTree = "<group>"; };
		5ACE2E1B1BF21D8C00AC0585 /* libLCP-client-iOS.a */ = {isa = PBXFileReference; explicitFileType = archive.ar; includeInIndex = 0; path = "libLCP-client-iOS.a"; sourceTree = BUILT_PRODUCTS_DIR; };
		5ACE2E7D1BF21EBE00AC0585 /* LCP Client.xcconfig */ = {isa = PBXFileReference; lastKnownFileType = text.xcconfig; path = "LCP Client.xcconfig"; sourceTree = "<group>"; };
/* End PBXFileReference section */

/* Begin PBXFrameworksBuildPhase section */
		5ACE2E181BF21D8C00AC0585 /* Frameworks */ = {
			isa = PBXFrameworksBuildPhase;
			buildActionMask = 2147483647;
			files = (
				5A5C61531C04C01800185159 /* libcryptopp.a in Frameworks */,
			);
			runOnlyForDeploymentPostprocessing = 0;
		};
/* End PBXFrameworksBuildPhase section */

/* Begin PBXGroup section */
		5A0115751C07651D006F1A6F /* Sources (iOS) */ = {
			isa = PBXGroup;
			children = (
				5A0115761C07651D006F1A6F /* LcpiOSStorageProvider.h */,
				5A0115771C07651D006F1A6F /* LcpiOSStorageProvider.mm */,
				5A0115781C07651D006F1A6F /* third-parties */,
			);
			path = "Sources (iOS)";
			sourceTree = "<group>";
		};
		5A0115781C07651D006F1A6F /* third-parties */ = {
			isa = PBXGroup;
			children = (
				5A0115791C07651D006F1A6F /* UICKeyChainStore */,
			);
			path = "third-parties";
			sourceTree = "<group>";
		};
		5A0115791C07651D006F1A6F /* UICKeyChainStore */ = {
			isa = PBXGroup;
			children = (
				5A01157A1C07651D006F1A6F /* UICKeyChainStore.h */,
				5A01157B1C07651D006F1A6F /* UICKeyChainStore.m */,
			);
			path = UICKeyChainStore;
			sourceTree = "<group>";
		};
		5A4C17B41C0479A400DC8DCD /* LcpCryptoLib */ = {
			isa = PBXGroup;
			children = (
				5A4C17B51C0479A400DC8DCD /* AesCbcSymmetricAlgorithm.cpp */,
				5A4C17B61C0479A400DC8DCD /* AesCbcSymmetricAlgorithm.h */,
				5A4C17B71C0479A400DC8DCD /* AlgorithmNames.cpp */,
				5A4C17B81C0479A400DC8DCD /* AlgorithmNames.h */,
				5A4C17B91C0479A400DC8DCD /* BaseLcpNode.h */,
				5A4C17BA1C0479A400DC8DCD /* CanonicalWriter.h */,
				5A4C17BB1C0479A400DC8DCD /* Certificate.cpp */,
				5A4C17BC1C0479A400DC8DCD /* Certificate.h */,
				5A4C17BD1C0479A400DC8DCD /* CryptoAlgorithmInterfaces.h */,
				5A4C17BE1C0479A400DC8DCD /* CryptoLcpNode.cpp */,
				5A4C17BF1C0479A400DC8DCD /* CryptoLcpNode.h */,
				5A4C17C01C0479A400DC8DCD /* CryptoppCryptoProvider.cpp */,
				5A4C17C11C0479A400DC8DCD /* CryptoppCryptoProvider.h */,
				5A4C17C21C0479A400DC8DCD /* CryptoppUtils.cpp */,
				5A4C17C31C0479A400DC8DCD /* CryptoppUtils.h */,
				5A4C17C41C0479A400DC8DCD /* DateTime.cpp */,
				5A4C17C51C0479A400DC8DCD /* DateTime.h */,
				5A3420101C06270700BA3683 /* DecryptionContextImpl.h */,
				5A4C17C61C0479A400DC8DCD /* EncryptionProfileNames.cpp */,
				5A4C17C71C0479A400DC8DCD /* EncryptionProfileNames.h */,
				5A4C17C81C0479A400DC8DCD /* EncryptionProfilesManager.cpp */,
				5A4C17C91C0479A400DC8DCD /* EncryptionProfilesManager.h */,
				5A4C17CA1C0479A400DC8DCD /* ICertificate.h */,
				5A4C17CB1C0479A400DC8DCD /* ICryptoProvider.h */,
				5A4C17CC1C0479A400DC8DCD /* IEncryptionProfile.h */,
				5A4C17CD1C0479A400DC8DCD /* IKeyProvider.h */,
				5A4C17CE1C0479A400DC8DCD /* ILcpNode.h */,
				5A4C17CF1C0479A400DC8DCD /* JsonCanonicalizer.cpp */,
				5A4C17D01C0479A400DC8DCD /* JsonCanonicalizer.h */,
				5A4C17D11C0479A400DC8DCD /* JsonValueReader.cpp */,
				5A4C17D21C0479A400DC8DCD /* JsonValueReader.h */,
				5A4C17D31C0479A400DC8DCD /* Lcp1dot0EncryptionProfile.cpp */,
				5A4C17D41C0479A400DC8DCD /* Lcp1dot0EncryptionProfile.h */,
				5A4C17D51C0479A400DC8DCD /* LcpService.cpp */,
				5A4C17D61C0479A400DC8DCD /* LcpService.h */,
				5A4C17D71C0479A400DC8DCD /* LcpServiceCreator.cpp */,
				5A4C17D81C0479A400DC8DCD /* LcpUtils.cpp */,
				5A4C17D91C0479A400DC8DCD /* LcpUtils.h */,
				5A4C17DA1C0479A400DC8DCD /* LinksLcpNode.cpp */,
				5A4C17DB1C0479A400DC8DCD /* LinksLcpNode.h */,
				5A4C17DC1C0479A400DC8DCD /* Public */,
				5A4C17E91C0479A400DC8DCD /* RightsLcpNode.cpp */,
				5A4C17EA1C0479A400DC8DCD /* RightsLcpNode.h */,
				5A4C17EB1C0479A400DC8DCD /* RootLcpNode.cpp */,
				5A4C17EC1C0479A400DC8DCD /* RootLcpNode.h */,
				5A4C17ED1C0479A400DC8DCD /* RsaSha256SignatureAlgorithm.cpp */,
				5A4C17EE1C0479A400DC8DCD /* RsaSha256SignatureAlgorithm.h */,
				5A4C17EF1C0479A400DC8DCD /* Sha256HashAlgorithm.cpp */,
				5A4C17F01C0479A400DC8DCD /* Sha256HashAlgorithm.h */,
				5A4C17F11C0479A400DC8DCD /* SimpleKeyProvider.h */,
				5A4C17F21C0479A400DC8DCD /* UserLcpNode.cpp */,
				5A4C17F31C0479A400DC8DCD /* UserLcpNode.h */,
				5A4C17F41C0479A400DC8DCD /* UUIDGenerator.cpp */,
				5A4C17F51C0479A400DC8DCD /* UUIDGenerator.h */,
			);
			path = LcpCryptoLib;
			sourceTree = "<group>";
		};
		5A4C17DC1C0479A400DC8DCD /* Public */ = {
			isa = PBXGroup;
			children = (
				5A4C17DD1C0479A400DC8DCD /* ICrypto.h */,
				5A3420111C06271700BA3683 /* IDecryptionContext.h */,
				5A4C17DE1C0479A400DC8DCD /* ILcpService.h */,
				5A4C17DF1C0479A400DC8DCD /* ILicense.h */,
				5A4C17E01C0479A400DC8DCD /* ILinks.h */,
				5A4C17E11C0479A400DC8DCD /* INetProvider.h */,
				5A4C17E21C0479A400DC8DCD /* IRights.h */,
				5A4C17E31C0479A400DC8DCD /* IStorageProvider.h */,
				5A4C17E41C0479A400DC8DCD /* Iterator.h */,
				5A4C17E51C0479A400DC8DCD /* IUser.h */,
				5A4C17E61C0479A400DC8DCD /* lcp.h */,
				5A4C17E71C0479A400DC8DCD /* LcpServiceCreator.h */,
				5A4C17E81C0479A400DC8DCD /* LcpStatus.h */,
			);
			path = Public;
			sourceTree = "<group>";
		};
		5A517DC61C0751E60005877F /* LcpContentFilter */ = {
			isa = PBXGroup;
			children = (
				5A517DC71C0751E60005877F /* LcpContentFilter.cpp */,
				5A517DD51C075C700005877F /* LcpFilterContext.h */,
				5A517DC81C0751E60005877F /* Public */,
			);
			path = LcpContentFilter;
			sourceTree = "<group>";
		};
		5A517DC81C0751E60005877F /* Public */ = {
			isa = PBXGroup;
			children = (
				5A517DC91C0751E60005877F /* LcpContentFilter.h */,
			);
			path = Public;
			sourceTree = "<group>";
		};
		5A5C614E1C04BFF500185159 /* Products */ = {
			isa = PBXGroup;
			children = (
				5A5C61521C04BFF500185159 /* libcryptopp.a */,
			);
			name = Products;
			sourceTree = "<group>";
		};
		5AAEEF011BF9D3FC003CF710 /* Sources (Common) */ = {
			isa = PBXGroup;
			children = (
				5A517DC61C0751E60005877F /* LcpContentFilter */,
				5A4C17B41C0479A400DC8DCD /* LcpCryptoLib */,
				5AAEEF311BF9D3FC003CF710 /* third-parties */,
			);
			name = "Sources (Common)";
			path = ../../src;
			sourceTree = "<group>";
		};
		5AAEEF311BF9D3FC003CF710 /* third-parties */ = {
			isa = PBXGroup;
			children = (
				5A5C614D1C04BFF500185159 /* cryptopp.xcodeproj */,
				5AAEF18A1BF9D3FD003CF710 /* rapidjson */,
				5AAEF1AB1BF9D3FD003CF710 /* utf8-cpp */,
			);
			path = "third-parties";
			sourceTree = "<group>";
		};
		5AAEF18A1BF9D3FD003CF710 /* rapidjson */ = {
			isa = PBXGroup;
			children = (
				5AAEF18B1BF9D3FD003CF710 /* allocators.h */,
				5AAEF18C1BF9D3FD003CF710 /* document.h */,
				5AAEF18D1BF9D3FD003CF710 /* encodedstream.h */,
				5AAEF18E1BF9D3FD003CF710 /* encodings.h */,
				5AAEF18F1BF9D3FD003CF710 /* error */,
				5AAEF1921BF9D3FD003CF710 /* filereadstream.h */,
				5AAEF1931BF9D3FD003CF710 /* filewritestream.h */,
				5AAEF1941BF9D3FD003CF710 /* internal */,
				5AAEF1A01BF9D3FD003CF710 /* memorybuffer.h */,
				5AAEF1A11BF9D3FD003CF710 /* memorystream.h */,
				5AAEF1A21BF9D3FD003CF710 /* msinttypes */,
				5AAEF1A51BF9D3FD003CF710 /* pointer.h */,
				5AAEF1A61BF9D3FD003CF710 /* prettywriter.h */,
				5AAEF1A71BF9D3FD003CF710 /* rapidjson.h */,
				5AAEF1A81BF9D3FD003CF710 /* reader.h */,
				5AAEF1A91BF9D3FD003CF710 /* stringbuffer.h */,
				5AAEF1AA1BF9D3FD003CF710 /* writer.h */,
			);
			path = rapidjson;
			sourceTree = "<group>";
		};
		5AAEF18F1BF9D3FD003CF710 /* error */ = {
			isa = PBXGroup;
			children = (
				5AAEF1901BF9D3FD003CF710 /* en.h */,
				5AAEF1911BF9D3FD003CF710 /* error.h */,
			);
			path = error;
			sourceTree = "<group>";
		};
		5AAEF1941BF9D3FD003CF710 /* internal */ = {
			isa = PBXGroup;
			children = (
				5AAEF1951BF9D3FD003CF710 /* biginteger.h */,
				5AAEF1961BF9D3FD003CF710 /* diyfp.h */,
				5AAEF1971BF9D3FD003CF710 /* dtoa.h */,
				5AAEF1981BF9D3FD003CF710 /* ieee754.h */,
				5AAEF1991BF9D3FD003CF710 /* itoa.h */,
				5AAEF19A1BF9D3FD003CF710 /* meta.h */,
				5AAEF19B1BF9D3FD003CF710 /* pow10.h */,
				5AAEF19C1BF9D3FD003CF710 /* stack.h */,
				5AAEF19D1BF9D3FD003CF710 /* strfunc.h */,
				5AAEF19E1BF9D3FD003CF710 /* strtod.h */,
				5AAEF19F1BF9D3FD003CF710 /* swap.h */,
			);
			path = internal;
			sourceTree = "<group>";
		};
		5AAEF1A21BF9D3FD003CF710 /* msinttypes */ = {
			isa = PBXGroup;
			children = (
				5AAEF1A31BF9D3FD003CF710 /* inttypes.h */,
				5AAEF1A41BF9D3FD003CF710 /* stdint.h */,
			);
			path = msinttypes;
			sourceTree = "<group>";
		};
		5AAEF1AB1BF9D3FD003CF710 /* utf8-cpp */ = {
			isa = PBXGroup;
			children = (
				5AAEF1AC1BF9D3FD003CF710 /* utf8 */,
				5AAEF1B01BF9D3FD003CF710 /* utf8.h */,
			);
			path = "utf8-cpp";
			sourceTree = "<group>";
		};
		5AAEF1AC1BF9D3FD003CF710 /* utf8 */ = {
			isa = PBXGroup;
			children = (
				5AAEF1AD1BF9D3FD003CF710 /* checked.h */,
				5AAEF1AE1BF9D3FD003CF710 /* core.h */,
				5AAEF1AF1BF9D3FD003CF710 /* unchecked.h */,
			);
			path = utf8;
			sourceTree = "<group>";
		};
		5ACE2E021BF21D7900AC0585 = {
			isa = PBXGroup;
			children = (
				5ACE2E7D1BF21EBE00AC0585 /* LCP Client.xcconfig */,
				5A0115751C07651D006F1A6F /* Sources (iOS) */,
				5AAEEF011BF9D3FC003CF710 /* Sources (Common) */,
				5ACE2E0C1BF21D7900AC0585 /* Products */,
			);
			sourceTree = "<group>";
		};
		5ACE2E0C1BF21D7900AC0585 /* Products */ = {
			isa = PBXGroup;
			children = (
				5ACE2E1B1BF21D8C00AC0585 /* libLCP-client-iOS.a */,
			);
			name = Products;
			sourceTree = "<group>";
		};
/* End PBXGroup section */

/* Begin PBXNativeTarget section */
		5ACE2E1A1BF21D8C00AC0585 /* LCP Client (iOS) */ = {
			isa = PBXNativeTarget;
			buildConfigurationList = 5ACE2E211BF21D8C00AC0585 /* Build configuration list for PBXNativeTarget "LCP Client (iOS)" */;
			buildPhases = (
				5ACE2E171BF21D8C00AC0585 /* Sources */,
				5ACE2E181BF21D8C00AC0585 /* Frameworks */,
			);
			buildRules = (
			);
			dependencies = (
			);
			name = "LCP Client (iOS)";
			productName = "lcp-client-iOS";
			productReference = 5ACE2E1B1BF21D8C00AC0585 /* libLCP-client-iOS.a */;
			productType = "com.apple.product-type.library.static";
		};
/* End PBXNativeTarget section */

/* Begin PBXProject section */
		5ACE2E031BF21D7900AC0585 /* Project object */ = {
			isa = PBXProject;
			attributes = {
				LastUpgradeCheck = 0710;
				ORGANIZATIONNAME = Mantano;
				TargetAttributes = {
					5ACE2E1A1BF21D8C00AC0585 = {
						CreatedOnToolsVersion = 7.1;
					};
				};
			};
			buildConfigurationList = 5ACE2E061BF21D7900AC0585 /* Build configuration list for PBXProject "LCP Client" */;
			compatibilityVersion = "Xcode 3.2";
			developmentRegion = English;
			hasScannedForEncodings = 0;
			knownRegions = (
				en,
			);
			mainGroup = 5ACE2E021BF21D7900AC0585;
			productRefGroup = 5ACE2E0C1BF21D7900AC0585 /* Products */;
			projectDirPath = "";
			projectReferences = (
				{
					ProductGroup = 5A5C614E1C04BFF500185159 /* Products */;
					ProjectRef = 5A5C614D1C04BFF500185159 /* cryptopp.xcodeproj */;
				},
			);
			projectRoot = "";
			targets = (
				5ACE2E1A1BF21D8C00AC0585 /* LCP Client (iOS) */,
			);
		};
/* End PBXProject section */

/* Begin PBXReferenceProxy section */
		5A5C61521C04BFF500185159 /* libcryptopp.a */ = {
			isa = PBXReferenceProxy;
			fileType = archive.ar;
			path = libcryptopp.a;
			remoteRef = 5A5C61511C04BFF500185159 /* PBXContainerItemProxy */;
			sourceTree = BUILT_PRODUCTS_DIR;
		};
/* End PBXReferenceProxy section */

/* Begin PBXSourcesBuildPhase section */
		5ACE2E171BF21D8C00AC0585 /* Sources */ = {
			isa = PBXSourcesBuildPhase;
			buildActionMask = 2147483647;
			files = (
				5A4C18031C0479A400DC8DCD /* LcpServiceCreator.cpp in Sources */,
				5A4C18071C0479A400DC8DCD /* RootLcpNode.cpp in Sources */,
				5A01157C1C07651D006F1A6F /* LcpiOSStorageProvider.mm in Sources */,
				5A4C180B1C0479A400DC8DCD /* UUIDGenerator.cpp in Sources */,
				5A4C18001C0479A400DC8DCD /* JsonValueReader.cpp in Sources */,
				5A4C18021C0479A400DC8DCD /* LcpService.cpp in Sources */,
				5A517DCA1C0751E60005877F /* LcpContentFilter.cpp in Sources */,
				5A4C17F91C0479A400DC8DCD /* CryptoLcpNode.cpp in Sources */,
				5A4C17FE1C0479A400DC8DCD /* EncryptionProfilesManager.cpp in Sources */,
				5A4C18081C0479A400DC8DCD /* RsaSha256SignatureAlgorithm.cpp in Sources */,
				5A4C17FF1C0479A400DC8DCD /* JsonCanonicalizer.cpp in Sources */,
				5A4C17F81C0479A400DC8DCD /* Certificate.cpp in Sources */,
				5A4C18051C0479A400DC8DCD /* LinksLcpNode.cpp in Sources */,
				5A4C17FB1C0479A400DC8DCD /* CryptoppUtils.cpp in Sources */,
				5A4C18041C0479A400DC8DCD /* LcpUtils.cpp in Sources */,
				5A4C18091C0479A400DC8DCD /* Sha256HashAlgorithm.cpp in Sources */,
				5A4C17FD1C0479A400DC8DCD /* EncryptionProfileNames.cpp in Sources */,
				5A4C17F71C0479A400DC8DCD /* AlgorithmNames.cpp in Sources */,
				5A4C17FC1C0479A400DC8DCD /* DateTime.cpp in Sources */,
				5A4C18011C0479A400DC8DCD /* Lcp1dot0EncryptionProfile.cpp in Sources */,
				5A4C18061C0479A400DC8DCD /* RightsLcpNode.cpp in Sources */,
				5A4C180A1C0479A400DC8DCD /* UserLcpNode.cpp in Sources */,
				5A4C17FA1C0479A400DC8DCD /* CryptoppCryptoProvider.cpp in Sources */,
				5A01157D1C07651D006F1A6F /* UICKeyChainStore.m in Sources */,
				5A4C17F61C0479A400DC8DCD /* AesCbcSymmetricAlgorithm.cpp in Sources */,
			);
			runOnlyForDeploymentPostprocessing = 0;
		};
/* End PBXSourcesBuildPhase section */

/* Begin XCBuildConfiguration section */
		5ACE2E121BF21D7900AC0585 /* Debug */ = {
			isa = XCBuildConfiguration;
			baseConfigurationReference = 5ACE2E7D1BF21EBE00AC0585 /* LCP Client.xcconfig */;
			buildSettings = {
				ALWAYS_SEARCH_USER_PATHS = NO;
				CLANG_CXX_LANGUAGE_STANDARD = "gnu++0x";
				CLANG_CXX_LIBRARY = "libc++";
				CLANG_ENABLE_MODULES = YES;
				CLANG_ENABLE_OBJC_ARC = YES;
				CLANG_WARN_BOOL_CONVERSION = YES;
				CLANG_WARN_CONSTANT_CONVERSION = YES;
				CLANG_WARN_DIRECT_OBJC_ISA_USAGE = YES_ERROR;
				CLANG_WARN_EMPTY_BODY = YES;
				CLANG_WARN_ENUM_CONVERSION = YES;
				CLANG_WARN_INT_CONVERSION = YES;
				CLANG_WARN_OBJC_ROOT_CLASS = YES_ERROR;
				CLANG_WARN_UNREACHABLE_CODE = YES;
				CLANG_WARN__DUPLICATE_METHOD_MATCH = YES;
				"CODE_SIGN_IDENTITY[sdk=iphoneos*]" = "iPhone Developer";
				COPY_PHASE_STRIP = NO;
				DEBUG_INFORMATION_FORMAT = dwarf;
				ENABLE_STRICT_OBJC_MSGSEND = YES;
				ENABLE_TESTABILITY = YES;
				GCC_C_LANGUAGE_STANDARD = gnu99;
				GCC_DYNAMIC_NO_PIC = NO;
				GCC_NO_COMMON_BLOCKS = YES;
				GCC_OPTIMIZATION_LEVEL = 0;
				GCC_PREPROCESSOR_DEFINITIONS = (
					"DEBUG=1",
					"$(inherited)",
				);
				GCC_WARN_64_TO_32_BIT_CONVERSION = YES;
				GCC_WARN_ABOUT_RETURN_TYPE = YES_ERROR;
				GCC_WARN_UNDECLARED_SELECTOR = YES;
				GCC_WARN_UNINITIALIZED_AUTOS = YES_AGGRESSIVE;
				GCC_WARN_UNUSED_FUNCTION = YES;
				GCC_WARN_UNUSED_VARIABLE = YES;
				IPHONEOS_DEPLOYMENT_TARGET = 7.1;
				MTL_ENABLE_DEBUG_INFO = YES;
				ONLY_ACTIVE_ARCH = YES;
				SDKROOT = iphoneos;
			};
			name = Debug;
		};
		5ACE2E131BF21D7900AC0585 /* Release */ = {
			isa = XCBuildConfiguration;
			baseConfigurationReference = 5ACE2E7D1BF21EBE00AC0585 /* LCP Client.xcconfig */;
			buildSettings = {
				ALWAYS_SEARCH_USER_PATHS = NO;
				CLANG_CXX_LANGUAGE_STANDARD = "gnu++0x";
				CLANG_CXX_LIBRARY = "libc++";
				CLANG_ENABLE_MODULES = YES;
				CLANG_ENABLE_OBJC_ARC = YES;
				CLANG_WARN_BOOL_CONVERSION = YES;
				CLANG_WARN_CONSTANT_CONVERSION = YES;
				CLANG_WARN_DIRECT_OBJC_ISA_USAGE = YES_ERROR;
				CLANG_WARN_EMPTY_BODY = YES;
				CLANG_WARN_ENUM_CONVERSION = YES;
				CLANG_WARN_INT_CONVERSION = YES;
				CLANG_WARN_OBJC_ROOT_CLASS = YES_ERROR;
				CLANG_WARN_UNREACHABLE_CODE = YES;
				CLANG_WARN__DUPLICATE_METHOD_MATCH = YES;
				"CODE_SIGN_IDENTITY[sdk=iphoneos*]" = "iPhone Developer";
				COPY_PHASE_STRIP = NO;
				DEBUG_INFORMATION_FORMAT = "dwarf-with-dsym";
				ENABLE_NS_ASSERTIONS = NO;
				ENABLE_STRICT_OBJC_MSGSEND = YES;
				GCC_C_LANGUAGE_STANDARD = gnu99;
				GCC_NO_COMMON_BLOCKS = YES;
				GCC_WARN_64_TO_32_BIT_CONVERSION = YES;
				GCC_WARN_ABOUT_RETURN_TYPE = YES_ERROR;
				GCC_WARN_UNDECLARED_SELECTOR = YES;
				GCC_WARN_UNINITIALIZED_AUTOS = YES_AGGRESSIVE;
				GCC_WARN_UNUSED_FUNCTION = YES;
				GCC_WARN_UNUSED_VARIABLE = YES;
				IPHONEOS_DEPLOYMENT_TARGET = 7.1;
				MTL_ENABLE_DEBUG_INFO = NO;
				SDKROOT = iphoneos;
				VALIDATE_PRODUCT = YES;
			};
			name = Release;
		};
		5ACE2E221BF21D8C00AC0585 /* Debug */ = {
			isa = XCBuildConfiguration;
			buildSettings = {
				IPHONEOS_DEPLOYMENT_TARGET = 7.0;
				LIBRARY_SEARCH_PATHS = (
					"$(inherited)",
					"$(PROJECT_DIR)/third-parties/cryptopp/lib",
				);
				OTHER_LDFLAGS = "-ObjC";
				PRODUCT_NAME = "LCP-client-iOS";
				SKIP_INSTALL = YES;
			};
			name = Debug;
		};
		5ACE2E231BF21D8C00AC0585 /* Release */ = {
			isa = XCBuildConfiguration;
			buildSettings = {
				IPHONEOS_DEPLOYMENT_TARGET = 7.0;
				LIBRARY_SEARCH_PATHS = (
					"$(inherited)",
					"$(PROJECT_DIR)/third-parties/cryptopp/lib",
				);
				OTHER_LDFLAGS = "-ObjC";
				PRODUCT_NAME = "LCP-client-iOS";
				SKIP_INSTALL = YES;
			};
			name = Release;
		};
/* End XCBuildConfiguration section */

/* Begin XCConfigurationList section */
		5ACE2E061BF21D7900AC0585 /* Build configuration list for PBXProject "LCP Client" */ = {
			isa = XCConfigurationList;
			buildConfigurations = (
				5ACE2E121BF21D7900AC0585 /* Debug */,
				5ACE2E131BF21D7900AC0585 /* Release */,
			);
			defaultConfigurationIsVisible = 0;
			defaultConfigurationName = Release;
		};
		5ACE2E211BF21D8C00AC0585 /* Build configuration list for PBXNativeTarget "LCP Client (iOS)" */ = {
			isa = XCConfigurationList;
			buildConfigurations = (
				5ACE2E221BF21D8C00AC0585 /* Debug */,
				5ACE2E231BF21D8C00AC0585 /* Release */,
			);
			defaultConfigurationIsVisible = 0;
			defaultConfigurationName = Release;
		};
/* End XCConfigurationList section */
	};
	rootObject = 5ACE2E031BF21D7900AC0585 /* Project object */;
}
