// !$*UTF8*$!
{
	archiveVersion = 1;
	classes = {
	};
	objectVersion = 46;
	objects = {

/* Begin PBXBuildFile section */
		5AF87EE11BF506AF0075280A /* CryptoLcpNode.cpp in Sources */ = {isa = PBXBuildFile; fileRef = 5AF87E961BF506AF0075280A /* CryptoLcpNode.cpp */; };
		5AF87EE21BF506AF0075280A /* ILinks.cpp in Sources */ = {isa = PBXBuildFile; fileRef = 5AF87E991BF506AF0075280A /* ILinks.cpp */; };
		5AF87EE31BF506AF0075280A /* IRights.cpp in Sources */ = {isa = PBXBuildFile; fileRef = 5AF87E9A1BF506AF0075280A /* IRights.cpp */; };
		5AF87EE41BF506AF0075280A /* JsonCanonicalizer.cpp in Sources */ = {isa = PBXBuildFile; fileRef = 5AF87E9B1BF506AF0075280A /* JsonCanonicalizer.cpp */; };
		5AF87EE51BF506AF0075280A /* JsonValueReader.cpp in Sources */ = {isa = PBXBuildFile; fileRef = 5AF87E9D1BF506AF0075280A /* JsonValueReader.cpp */; };
		5AF87EE61BF506AF0075280A /* LcpService.cpp in Sources */ = {isa = PBXBuildFile; fileRef = 5AF87E9F1BF506AF0075280A /* LcpService.cpp */; };
		5AF87EE71BF506AF0075280A /* LcpServiceCreator.cpp in Sources */ = {isa = PBXBuildFile; fileRef = 5AF87EA11BF506AF0075280A /* LcpServiceCreator.cpp */; };
		5AF87EE81BF506AF0075280A /* LcpUtils.cpp in Sources */ = {isa = PBXBuildFile; fileRef = 5AF87EA21BF506AF0075280A /* LcpUtils.cpp */; };
		5AF87EE91BF506AF0075280A /* LinksLcpNode.cpp in Sources */ = {isa = PBXBuildFile; fileRef = 5AF87EA41BF506AF0075280A /* LinksLcpNode.cpp */; };
		5AF87EEA1BF506AF0075280A /* RightsLcpNode.cpp in Sources */ = {isa = PBXBuildFile; fileRef = 5AF87EB11BF506AF0075280A /* RightsLcpNode.cpp */; };
		5AF87EEB1BF506AF0075280A /* RootLcpNode.cpp in Sources */ = {isa = PBXBuildFile; fileRef = 5AF87EB31BF506AF0075280A /* RootLcpNode.cpp */; };
		5AF87EEC1BF506AF0075280A /* UserLcpNode.cpp in Sources */ = {isa = PBXBuildFile; fileRef = 5AF87EB51BF506AF0075280A /* UserLcpNode.cpp */; };
/* End PBXBuildFile section */

/* Begin PBXCopyFilesBuildPhase section */
		5ACE2E191BF21D8C00AC0585 /* CopyFiles */ = {
			isa = PBXCopyFilesBuildPhase;
			buildActionMask = 2147483647;
			dstPath = "include/$(PRODUCT_NAME)";
			dstSubfolderSpec = 16;
			files = (
			);
			runOnlyForDeploymentPostprocessing = 0;
		};
/* End PBXCopyFilesBuildPhase section */

/* Begin PBXFileReference section */
		5ACE2E1B1BF21D8C00AC0585 /* libLCP-client-iOS.a */ = {isa = PBXFileReference; explicitFileType = archive.ar; includeInIndex = 0; path = "libLCP-client-iOS.a"; sourceTree = BUILT_PRODUCTS_DIR; };
		5ACE2E7D1BF21EBE00AC0585 /* LCP Client.xcconfig */ = {isa = PBXFileReference; lastKnownFileType = text.xcconfig; path = "LCP Client.xcconfig"; sourceTree = "<group>"; };
		5AF87E941BF506AF0075280A /* BaseLcpNode.h */ = {isa = PBXFileReference; fileEncoding = 4; lastKnownFileType = sourcecode.c.h; path = BaseLcpNode.h; sourceTree = "<group>"; };
		5AF87E951BF506AF0075280A /* CanonicalWriter.h */ = {isa = PBXFileReference; fileEncoding = 4; lastKnownFileType = sourcecode.c.h; path = CanonicalWriter.h; sourceTree = "<group>"; };
		5AF87E961BF506AF0075280A /* CryptoLcpNode.cpp */ = {isa = PBXFileReference; fileEncoding = 4; lastKnownFileType = sourcecode.cpp.cpp; path = CryptoLcpNode.cpp; sourceTree = "<group>"; };
		5AF87E971BF506AF0075280A /* CryptoLcpNode.h */ = {isa = PBXFileReference; fileEncoding = 4; lastKnownFileType = sourcecode.c.h; path = CryptoLcpNode.h; sourceTree = "<group>"; };
		5AF87E981BF506AF0075280A /* ILcpNode.h */ = {isa = PBXFileReference; fileEncoding = 4; lastKnownFileType = sourcecode.c.h; path = ILcpNode.h; sourceTree = "<group>"; };
		5AF87E991BF506AF0075280A /* ILinks.cpp */ = {isa = PBXFileReference; fileEncoding = 4; lastKnownFileType = sourcecode.cpp.cpp; path = ILinks.cpp; sourceTree = "<group>"; };
		5AF87E9A1BF506AF0075280A /* IRights.cpp */ = {isa = PBXFileReference; fileEncoding = 4; lastKnownFileType = sourcecode.cpp.cpp; path = IRights.cpp; sourceTree = "<group>"; };
		5AF87E9B1BF506AF0075280A /* JsonCanonicalizer.cpp */ = {isa = PBXFileReference; fileEncoding = 4; lastKnownFileType = sourcecode.cpp.cpp; path = JsonCanonicalizer.cpp; sourceTree = "<group>"; };
		5AF87E9C1BF506AF0075280A /* JsonCanonicalizer.h */ = {isa = PBXFileReference; fileEncoding = 4; lastKnownFileType = sourcecode.c.h; path = JsonCanonicalizer.h; sourceTree = "<group>"; };
		5AF87E9D1BF506AF0075280A /* JsonValueReader.cpp */ = {isa = PBXFileReference; fileEncoding = 4; lastKnownFileType = sourcecode.cpp.cpp; path = JsonValueReader.cpp; sourceTree = "<group>"; };
		5AF87E9E1BF506AF0075280A /* JsonValueReader.h */ = {isa = PBXFileReference; fileEncoding = 4; lastKnownFileType = sourcecode.c.h; path = JsonValueReader.h; sourceTree = "<group>"; };
		5AF87E9F1BF506AF0075280A /* LcpService.cpp */ = {isa = PBXFileReference; fileEncoding = 4; lastKnownFileType = sourcecode.cpp.cpp; path = LcpService.cpp; sourceTree = "<group>"; };
		5AF87EA01BF506AF0075280A /* LcpService.h */ = {isa = PBXFileReference; fileEncoding = 4; lastKnownFileType = sourcecode.c.h; path = LcpService.h; sourceTree = "<group>"; };
		5AF87EA11BF506AF0075280A /* LcpServiceCreator.cpp */ = {isa = PBXFileReference; fileEncoding = 4; lastKnownFileType = sourcecode.cpp.cpp; path = LcpServiceCreator.cpp; sourceTree = "<group>"; };
		5AF87EA21BF506AF0075280A /* LcpUtils.cpp */ = {isa = PBXFileReference; fileEncoding = 4; lastKnownFileType = sourcecode.cpp.cpp; path = LcpUtils.cpp; sourceTree = "<group>"; };
		5AF87EA31BF506AF0075280A /* LcpUtils.h */ = {isa = PBXFileReference; fileEncoding = 4; lastKnownFileType = sourcecode.c.h; path = LcpUtils.h; sourceTree = "<group>"; };
		5AF87EA41BF506AF0075280A /* LinksLcpNode.cpp */ = {isa = PBXFileReference; fileEncoding = 4; lastKnownFileType = sourcecode.cpp.cpp; path = LinksLcpNode.cpp; sourceTree = "<group>"; };
		5AF87EA51BF506AF0075280A /* LinksLcpNode.h */ = {isa = PBXFileReference; fileEncoding = 4; lastKnownFileType = sourcecode.c.h; path = LinksLcpNode.h; sourceTree = "<group>"; };
		5AF87EA71BF506AF0075280A /* ICrypto.h */ = {isa = PBXFileReference; fileEncoding = 4; lastKnownFileType = sourcecode.c.h; path = ICrypto.h; sourceTree = "<group>"; };
		5AF87EA81BF506AF0075280A /* ILcpService.h */ = {isa = PBXFileReference; fileEncoding = 4; lastKnownFileType = sourcecode.c.h; path = ILcpService.h; sourceTree = "<group>"; };
		5AF87EA91BF506AF0075280A /* ILicense.h */ = {isa = PBXFileReference; fileEncoding = 4; lastKnownFileType = sourcecode.c.h; path = ILicense.h; sourceTree = "<group>"; };
		5AF87EAA1BF506AF0075280A /* ILinks.h */ = {isa = PBXFileReference; fileEncoding = 4; lastKnownFileType = sourcecode.c.h; path = ILinks.h; sourceTree = "<group>"; };
		5AF87EAB1BF506AF0075280A /* IRights.h */ = {isa = PBXFileReference; fileEncoding = 4; lastKnownFileType = sourcecode.c.h; path = IRights.h; sourceTree = "<group>"; };
		5AF87EAC1BF506AF0075280A /* Iterator.h */ = {isa = PBXFileReference; fileEncoding = 4; lastKnownFileType = sourcecode.c.h; path = Iterator.h; sourceTree = "<group>"; };
		5AF87EAD1BF506AF0075280A /* IUser.h */ = {isa = PBXFileReference; fileEncoding = 4; lastKnownFileType = sourcecode.c.h; path = IUser.h; sourceTree = "<group>"; };
		5AF87EAE1BF506AF0075280A /* lcp.h */ = {isa = PBXFileReference; fileEncoding = 4; lastKnownFileType = sourcecode.c.h; path = lcp.h; sourceTree = "<group>"; };
		5AF87EAF1BF506AF0075280A /* LcpServiceCreator.h */ = {isa = PBXFileReference; fileEncoding = 4; lastKnownFileType = sourcecode.c.h; path = LcpServiceCreator.h; sourceTree = "<group>"; };
		5AF87EB01BF506AF0075280A /* LcpStatus.h */ = {isa = PBXFileReference; fileEncoding = 4; lastKnownFileType = sourcecode.c.h; path = LcpStatus.h; sourceTree = "<group>"; };
		5AF87EB11BF506AF0075280A /* RightsLcpNode.cpp */ = {isa = PBXFileReference; fileEncoding = 4; lastKnownFileType = sourcecode.cpp.cpp; path = RightsLcpNode.cpp; sourceTree = "<group>"; };
		5AF87EB21BF506AF0075280A /* RightsLcpNode.h */ = {isa = PBXFileReference; fileEncoding = 4; lastKnownFileType = sourcecode.c.h; path = RightsLcpNode.h; sourceTree = "<group>"; };
		5AF87EB31BF506AF0075280A /* RootLcpNode.cpp */ = {isa = PBXFileReference; fileEncoding = 4; lastKnownFileType = sourcecode.cpp.cpp; path = RootLcpNode.cpp; sourceTree = "<group>"; };
		5AF87EB41BF506AF0075280A /* RootLcpNode.h */ = {isa = PBXFileReference; fileEncoding = 4; lastKnownFileType = sourcecode.c.h; path = RootLcpNode.h; sourceTree = "<group>"; };
		5AF87EB51BF506AF0075280A /* UserLcpNode.cpp */ = {isa = PBXFileReference; fileEncoding = 4; lastKnownFileType = sourcecode.cpp.cpp; path = UserLcpNode.cpp; sourceTree = "<group>"; };
		5AF87EB61BF506AF0075280A /* UserLcpNode.h */ = {isa = PBXFileReference; fileEncoding = 4; lastKnownFileType = sourcecode.c.h; path = UserLcpNode.h; sourceTree = "<group>"; };
		5AF87EBB1BF506AF0075280A /* allocators.h */ = {isa = PBXFileReference; fileEncoding = 4; lastKnownFileType = sourcecode.c.h; path = allocators.h; sourceTree = "<group>"; };
		5AF87EBC1BF506AF0075280A /* document.h */ = {isa = PBXFileReference; fileEncoding = 4; lastKnownFileType = sourcecode.c.h; path = document.h; sourceTree = "<group>"; };
		5AF87EBD1BF506AF0075280A /* encodedstream.h */ = {isa = PBXFileReference; fileEncoding = 4; lastKnownFileType = sourcecode.c.h; path = encodedstream.h; sourceTree = "<group>"; };
		5AF87EBE1BF506AF0075280A /* encodings.h */ = {isa = PBXFileReference; fileEncoding = 4; lastKnownFileType = sourcecode.c.h; path = encodings.h; sourceTree = "<group>"; };
		5AF87EC01BF506AF0075280A /* en.h */ = {isa = PBXFileReference; fileEncoding = 4; lastKnownFileType = sourcecode.c.h; path = en.h; sourceTree = "<group>"; };
		5AF87EC11BF506AF0075280A /* error.h */ = {isa = PBXFileReference; fileEncoding = 4; lastKnownFileType = sourcecode.c.h; path = error.h; sourceTree = "<group>"; };
		5AF87EC21BF506AF0075280A /* filereadstream.h */ = {isa = PBXFileReference; fileEncoding = 4; lastKnownFileType = sourcecode.c.h; path = filereadstream.h; sourceTree = "<group>"; };
		5AF87EC31BF506AF0075280A /* filewritestream.h */ = {isa = PBXFileReference; fileEncoding = 4; lastKnownFileType = sourcecode.c.h; path = filewritestream.h; sourceTree = "<group>"; };
		5AF87EC51BF506AF0075280A /* biginteger.h */ = {isa = PBXFileReference; fileEncoding = 4; lastKnownFileType = sourcecode.c.h; path = biginteger.h; sourceTree = "<group>"; };
		5AF87EC61BF506AF0075280A /* diyfp.h */ = {isa = PBXFileReference; fileEncoding = 4; lastKnownFileType = sourcecode.c.h; path = diyfp.h; sourceTree = "<group>"; };
		5AF87EC71BF506AF0075280A /* dtoa.h */ = {isa = PBXFileReference; fileEncoding = 4; lastKnownFileType = sourcecode.c.h; path = dtoa.h; sourceTree = "<group>"; };
		5AF87EC81BF506AF0075280A /* ieee754.h */ = {isa = PBXFileReference; fileEncoding = 4; lastKnownFileType = sourcecode.c.h; path = ieee754.h; sourceTree = "<group>"; };
		5AF87EC91BF506AF0075280A /* itoa.h */ = {isa = PBXFileReference; fileEncoding = 4; lastKnownFileType = sourcecode.c.h; path = itoa.h; sourceTree = "<group>"; };
		5AF87ECA1BF506AF0075280A /* meta.h */ = {isa = PBXFileReference; fileEncoding = 4; lastKnownFileType = sourcecode.c.h; path = meta.h; sourceTree = "<group>"; };
		5AF87ECB1BF506AF0075280A /* pow10.h */ = {isa = PBXFileReference; fileEncoding = 4; lastKnownFileType = sourcecode.c.h; path = pow10.h; sourceTree = "<group>"; };
		5AF87ECC1BF506AF0075280A /* stack.h */ = {isa = PBXFileReference; fileEncoding = 4; lastKnownFileType = sourcecode.c.h; path = stack.h; sourceTree = "<group>"; };
		5AF87ECD1BF506AF0075280A /* strfunc.h */ = {isa = PBXFileReference; fileEncoding = 4; lastKnownFileType = sourcecode.c.h; path = strfunc.h; sourceTree = "<group>"; };
		5AF87ECE1BF506AF0075280A /* strtod.h */ = {isa = PBXFileReference; fileEncoding = 4; lastKnownFileType = sourcecode.c.h; path = strtod.h; sourceTree = "<group>"; };
		5AF87ECF1BF506AF0075280A /* swap.h */ = {isa = PBXFileReference; fileEncoding = 4; lastKnownFileType = sourcecode.c.h; path = swap.h; sourceTree = "<group>"; };
		5AF87ED01BF506AF0075280A /* memorybuffer.h */ = {isa = PBXFileReference; fileEncoding = 4; lastKnownFileType = sourcecode.c.h; path = memorybuffer.h; sourceTree = "<group>"; };
		5AF87ED11BF506AF0075280A /* memorystream.h */ = {isa = PBXFileReference; fileEncoding = 4; lastKnownFileType = sourcecode.c.h; path = memorystream.h; sourceTree = "<group>"; };
		5AF87ED31BF506AF0075280A /* inttypes.h */ = {isa = PBXFileReference; fileEncoding = 4; lastKnownFileType = sourcecode.c.h; path = inttypes.h; sourceTree = "<group>"; };
		5AF87ED41BF506AF0075280A /* stdint.h */ = {isa = PBXFileReference; fileEncoding = 4; lastKnownFileType = sourcecode.c.h; path = stdint.h; sourceTree = "<group>"; };
		5AF87ED51BF506AF0075280A /* pointer.h */ = {isa = PBXFileReference; fileEncoding = 4; lastKnownFileType = sourcecode.c.h; path = pointer.h; sourceTree = "<group>"; };
		5AF87ED61BF506AF0075280A /* prettywriter.h */ = {isa = PBXFileReference; fileEncoding = 4; lastKnownFileType = sourcecode.c.h; path = prettywriter.h; sourceTree = "<group>"; };
		5AF87ED71BF506AF0075280A /* rapidjson.h */ = {isa = PBXFileReference; fileEncoding = 4; lastKnownFileType = sourcecode.c.h; path = rapidjson.h; sourceTree = "<group>"; };
		5AF87ED81BF506AF0075280A /* reader.h */ = {isa = PBXFileReference; fileEncoding = 4; lastKnownFileType = sourcecode.c.h; path = reader.h; sourceTree = "<group>"; };
		5AF87ED91BF506AF0075280A /* stringbuffer.h */ = {isa = PBXFileReference; fileEncoding = 4; lastKnownFileType = sourcecode.c.h; path = stringbuffer.h; sourceTree = "<group>"; };
		5AF87EDA1BF506AF0075280A /* writer.h */ = {isa = PBXFileReference; fileEncoding = 4; lastKnownFileType = sourcecode.c.h; path = writer.h; sourceTree = "<group>"; };
		5AF87EDD1BF506AF0075280A /* checked.h */ = {isa = PBXFileReference; fileEncoding = 4; lastKnownFileType = sourcecode.c.h; path = checked.h; sourceTree = "<group>"; };
		5AF87EDE1BF506AF0075280A /* core.h */ = {isa = PBXFileReference; fileEncoding = 4; lastKnownFileType = sourcecode.c.h; path = core.h; sourceTree = "<group>"; };
		5AF87EDF1BF506AF0075280A /* unchecked.h */ = {isa = PBXFileReference; fileEncoding = 4; lastKnownFileType = sourcecode.c.h; path = unchecked.h; sourceTree = "<group>"; };
		5AF87EE01BF506AF0075280A /* utf8.h */ = {isa = PBXFileReference; fileEncoding = 4; lastKnownFileType = sourcecode.c.h; path = utf8.h; sourceTree = "<group>"; };
		5AF87EF01BF506B50075280A /* ICrypto.h */ = {isa = PBXFileReference; fileEncoding = 4; lastKnownFileType = sourcecode.c.h; path = ICrypto.h; sourceTree = "<group>"; };
		5AF87EF11BF506B50075280A /* ILcpService.h */ = {isa = PBXFileReference; fileEncoding = 4; lastKnownFileType = sourcecode.c.h; path = ILcpService.h; sourceTree = "<group>"; };
		5AF87EF21BF506B50075280A /* ILicense.h */ = {isa = PBXFileReference; fileEncoding = 4; lastKnownFileType = sourcecode.c.h; path = ILicense.h; sourceTree = "<group>"; };
		5AF87EF31BF506B50075280A /* ILinks.h */ = {isa = PBXFileReference; fileEncoding = 4; lastKnownFileType = sourcecode.c.h; path = ILinks.h; sourceTree = "<group>"; };
		5AF87EF41BF506B50075280A /* IRights.h */ = {isa = PBXFileReference; fileEncoding = 4; lastKnownFileType = sourcecode.c.h; path = IRights.h; sourceTree = "<group>"; };
		5AF87EF51BF506B50075280A /* Iterator.h */ = {isa = PBXFileReference; fileEncoding = 4; lastKnownFileType = sourcecode.c.h; path = Iterator.h; sourceTree = "<group>"; };
		5AF87EF61BF506B50075280A /* IUser.h */ = {isa = PBXFileReference; fileEncoding = 4; lastKnownFileType = sourcecode.c.h; path = IUser.h; sourceTree = "<group>"; };
		5AF87EF71BF506B50075280A /* lcp.h */ = {isa = PBXFileReference; fileEncoding = 4; lastKnownFileType = sourcecode.c.h; path = lcp.h; sourceTree = "<group>"; };
		5AF87EF81BF506B50075280A /* LcpServiceCreator.h */ = {isa = PBXFileReference; fileEncoding = 4; lastKnownFileType = sourcecode.c.h; path = LcpServiceCreator.h; sourceTree = "<group>"; };
		5AF87EF91BF506B50075280A /* LcpStatus.h */ = {isa = PBXFileReference; fileEncoding = 4; lastKnownFileType = sourcecode.c.h; path = LcpStatus.h; sourceTree = "<group>"; };
/* End PBXFileReference section */

/* Begin PBXFrameworksBuildPhase section */
		5ACE2E181BF21D8C00AC0585 /* Frameworks */ = {
			isa = PBXFrameworksBuildPhase;
			buildActionMask = 2147483647;
			files = (
			);
			runOnlyForDeploymentPostprocessing = 0;
		};
/* End PBXFrameworksBuildPhase section */

/* Begin PBXGroup section */
		5ACE2E021BF21D7900AC0585 = {
			isa = PBXGroup;
			children = (
				5ACE2E7D1BF21EBE00AC0585 /* LCP Client.xcconfig */,
				5AF87EEE1BF506B50075280A /* include */,
				5AF87E921BF506AF0075280A /* src */,
				5ACE2E0C1BF21D7900AC0585 /* Products */,
			);
			sourceTree = "<group>";
		};
		5ACE2E0C1BF21D7900AC0585 /* Products */ = {
			isa = PBXGroup;
			children = (
				5ACE2E1B1BF21D8C00AC0585 /* libLCP-client-iOS.a */,
			);
			name = Products;
			sourceTree = "<group>";
		};
		5AF87E921BF506AF0075280A /* src */ = {
			isa = PBXGroup;
			children = (
				5AF87E931BF506AF0075280A /* LcpCryptoLib */,
				5AF87EB91BF506AF0075280A /* third-parties */,
			);
			name = src;
			path = ../../src;
			sourceTree = "<group>";
		};
		5AF87E931BF506AF0075280A /* LcpCryptoLib */ = {
			isa = PBXGroup;
			children = (
				5AF87E941BF506AF0075280A /* BaseLcpNode.h */,
				5AF87E951BF506AF0075280A /* CanonicalWriter.h */,
				5AF87E961BF506AF0075280A /* CryptoLcpNode.cpp */,
				5AF87E971BF506AF0075280A /* CryptoLcpNode.h */,
				5AF87E981BF506AF0075280A /* ILcpNode.h */,
				5AF87E991BF506AF0075280A /* ILinks.cpp */,
				5AF87E9A1BF506AF0075280A /* IRights.cpp */,
				5AF87E9B1BF506AF0075280A /* JsonCanonicalizer.cpp */,
				5AF87E9C1BF506AF0075280A /* JsonCanonicalizer.h */,
				5AF87E9D1BF506AF0075280A /* JsonValueReader.cpp */,
				5AF87E9E1BF506AF0075280A /* JsonValueReader.h */,
				5AF87E9F1BF506AF0075280A /* LcpService.cpp */,
				5AF87EA01BF506AF0075280A /* LcpService.h */,
				5AF87EA11BF506AF0075280A /* LcpServiceCreator.cpp */,
				5AF87EA21BF506AF0075280A /* LcpUtils.cpp */,
				5AF87EA31BF506AF0075280A /* LcpUtils.h */,
				5AF87EA41BF506AF0075280A /* LinksLcpNode.cpp */,
				5AF87EA51BF506AF0075280A /* LinksLcpNode.h */,
				5AF87EA61BF506AF0075280A /* Public */,
				5AF87EB11BF506AF0075280A /* RightsLcpNode.cpp */,
				5AF87EB21BF506AF0075280A /* RightsLcpNode.h */,
				5AF87EB31BF506AF0075280A /* RootLcpNode.cpp */,
				5AF87EB41BF506AF0075280A /* RootLcpNode.h */,
				5AF87EB51BF506AF0075280A /* UserLcpNode.cpp */,
				5AF87EB61BF506AF0075280A /* UserLcpNode.h */,
			);
			path = LcpCryptoLib;
			sourceTree = "<group>";
		};
		5AF87EA61BF506AF0075280A /* Public */ = {
			isa = PBXGroup;
			children = (
				5AF87EA71BF506AF0075280A /* ICrypto.h */,
				5AF87EA81BF506AF0075280A /* ILcpService.h */,
				5AF87EA91BF506AF0075280A /* ILicense.h */,
				5AF87EAA1BF506AF0075280A /* ILinks.h */,
				5AF87EAB1BF506AF0075280A /* IRights.h */,
				5AF87EAC1BF506AF0075280A /* Iterator.h */,
				5AF87EAD1BF506AF0075280A /* IUser.h */,
				5AF87EAE1BF506AF0075280A /* lcp.h */,
				5AF87EAF1BF506AF0075280A /* LcpServiceCreator.h */,
				5AF87EB01BF506AF0075280A /* LcpStatus.h */,
			);
			path = Public;
			sourceTree = "<group>";
		};
		5AF87EB91BF506AF0075280A /* third-parties */ = {
			isa = PBXGroup;
			children = (
				5AF87EBA1BF506AF0075280A /* rapidjson */,
				5AF87EDB1BF506AF0075280A /* utf8-cpp */,
			);
			path = "third-parties";
			sourceTree = "<group>";
		};
		5AF87EBA1BF506AF0075280A /* rapidjson */ = {
			isa = PBXGroup;
			children = (
				5AF87EBB1BF506AF0075280A /* allocators.h */,
				5AF87EBC1BF506AF0075280A /* document.h */,
				5AF87EBD1BF506AF0075280A /* encodedstream.h */,
				5AF87EBE1BF506AF0075280A /* encodings.h */,
				5AF87EBF1BF506AF0075280A /* error */,
				5AF87EC21BF506AF0075280A /* filereadstream.h */,
				5AF87EC31BF506AF0075280A /* filewritestream.h */,
				5AF87EC41BF506AF0075280A /* internal */,
				5AF87ED01BF506AF0075280A /* memorybuffer.h */,
				5AF87ED11BF506AF0075280A /* memorystream.h */,
				5AF87ED21BF506AF0075280A /* msinttypes */,
				5AF87ED51BF506AF0075280A /* pointer.h */,
				5AF87ED61BF506AF0075280A /* prettywriter.h */,
				5AF87ED71BF506AF0075280A /* rapidjson.h */,
				5AF87ED81BF506AF0075280A /* reader.h */,
				5AF87ED91BF506AF0075280A /* stringbuffer.h */,
				5AF87EDA1BF506AF0075280A /* writer.h */,
			);
			path = rapidjson;
			sourceTree = "<group>";
		};
		5AF87EBF1BF506AF0075280A /* error */ = {
			isa = PBXGroup;
			children = (
				5AF87EC01BF506AF0075280A /* en.h */,
				5AF87EC11BF506AF0075280A /* error.h */,
			);
			path = error;
			sourceTree = "<group>";
		};
		5AF87EC41BF506AF0075280A /* internal */ = {
			isa = PBXGroup;
			children = (
				5AF87EC51BF506AF0075280A /* biginteger.h */,
				5AF87EC61BF506AF0075280A /* diyfp.h */,
				5AF87EC71BF506AF0075280A /* dtoa.h */,
				5AF87EC81BF506AF0075280A /* ieee754.h */,
				5AF87EC91BF506AF0075280A /* itoa.h */,
				5AF87ECA1BF506AF0075280A /* meta.h */,
				5AF87ECB1BF506AF0075280A /* pow10.h */,
				5AF87ECC1BF506AF0075280A /* stack.h */,
				5AF87ECD1BF506AF0075280A /* strfunc.h */,
				5AF87ECE1BF506AF0075280A /* strtod.h */,
				5AF87ECF1BF506AF0075280A /* swap.h */,
			);
			path = internal;
			sourceTree = "<group>";
		};
		5AF87ED21BF506AF0075280A /* msinttypes */ = {
			isa = PBXGroup;
			children = (
				5AF87ED31BF506AF0075280A /* inttypes.h */,
				5AF87ED41BF506AF0075280A /* stdint.h */,
			);
			path = msinttypes;
			sourceTree = "<group>";
		};
		5AF87EDB1BF506AF0075280A /* utf8-cpp */ = {
			isa = PBXGroup;
			children = (
				5AF87EDC1BF506AF0075280A /* utf8 */,
				5AF87EE01BF506AF0075280A /* utf8.h */,
			);
			path = "utf8-cpp";
			sourceTree = "<group>";
		};
		5AF87EDC1BF506AF0075280A /* utf8 */ = {
			isa = PBXGroup;
			children = (
				5AF87EDD1BF506AF0075280A /* checked.h */,
				5AF87EDE1BF506AF0075280A /* core.h */,
				5AF87EDF1BF506AF0075280A /* unchecked.h */,
			);
			path = utf8;
			sourceTree = "<group>";
		};
		5AF87EEE1BF506B50075280A /* include */ = {
			isa = PBXGroup;
			children = (
				5AF87EEF1BF506B50075280A /* lcp */,
			);
			name = include;
			path = ../../include;
			sourceTree = "<group>";
		};
		5AF87EEF1BF506B50075280A /* lcp */ = {
			isa = PBXGroup;
			children = (
				5AF87EF01BF506B50075280A /* ICrypto.h */,
				5AF87EF11BF506B50075280A /* ILcpService.h */,
				5AF87EF21BF506B50075280A /* ILicense.h */,
				5AF87EF31BF506B50075280A /* ILinks.h */,
				5AF87EF41BF506B50075280A /* IRights.h */,
				5AF87EF51BF506B50075280A /* Iterator.h */,
				5AF87EF61BF506B50075280A /* IUser.h */,
				5AF87EF71BF506B50075280A /* lcp.h */,
				5AF87EF81BF506B50075280A /* LcpServiceCreator.h */,
				5AF87EF91BF506B50075280A /* LcpStatus.h */,
			);
			path = lcp;
			sourceTree = "<group>";
		};
/* End PBXGroup section */

/* Begin PBXNativeTarget section */
		5ACE2E1A1BF21D8C00AC0585 /* LCP Client (iOS) */ = {
			isa = PBXNativeTarget;
			buildConfigurationList = 5ACE2E211BF21D8C00AC0585 /* Build configuration list for PBXNativeTarget "LCP Client (iOS)" */;
			buildPhases = (
				5ACE2E171BF21D8C00AC0585 /* Sources */,
				5ACE2E181BF21D8C00AC0585 /* Frameworks */,
				5ACE2E191BF21D8C00AC0585 /* CopyFiles */,
			);
			buildRules = (
			);
			dependencies = (
			);
			name = "LCP Client (iOS)";
			productName = "lcp-client-iOS";
			productReference = 5ACE2E1B1BF21D8C00AC0585 /* libLCP-client-iOS.a */;
			productType = "com.apple.product-type.library.static";
		};
/* End PBXNativeTarget section */

/* Begin PBXProject section */
		5ACE2E031BF21D7900AC0585 /* Project object */ = {
			isa = PBXProject;
			attributes = {
				LastUpgradeCheck = 0710;
				ORGANIZATIONNAME = Mantano;
				TargetAttributes = {
					5ACE2E1A1BF21D8C00AC0585 = {
						CreatedOnToolsVersion = 7.1;
					};
				};
			};
			buildConfigurationList = 5ACE2E061BF21D7900AC0585 /* Build configuration list for PBXProject "LCP Client" */;
			compatibilityVersion = "Xcode 3.2";
			developmentRegion = English;
			hasScannedForEncodings = 0;
			knownRegions = (
				en,
			);
			mainGroup = 5ACE2E021BF21D7900AC0585;
			productRefGroup = 5ACE2E0C1BF21D7900AC0585 /* Products */;
			projectDirPath = "";
			projectRoot = "";
			targets = (
				5ACE2E1A1BF21D8C00AC0585 /* LCP Client (iOS) */,
			);
		};
/* End PBXProject section */

/* Begin PBXSourcesBuildPhase section */
		5ACE2E171BF21D8C00AC0585 /* Sources */ = {
			isa = PBXSourcesBuildPhase;
			buildActionMask = 2147483647;
			files = (
				5AF87EEC1BF506AF0075280A /* UserLcpNode.cpp in Sources */,
				5AF87EE91BF506AF0075280A /* LinksLcpNode.cpp in Sources */,
				5AF87EE71BF506AF0075280A /* LcpServiceCreator.cpp in Sources */,
				5AF87EE31BF506AF0075280A /* IRights.cpp in Sources */,
				5AF87EE11BF506AF0075280A /* CryptoLcpNode.cpp in Sources */,
				5AF87EE41BF506AF0075280A /* JsonCanonicalizer.cpp in Sources */,
				5AF87EE21BF506AF0075280A /* ILinks.cpp in Sources */,
				5AF87EE81BF506AF0075280A /* LcpUtils.cpp in Sources */,
				5AF87EE51BF506AF0075280A /* JsonValueReader.cpp in Sources */,
				5AF87EEA1BF506AF0075280A /* RightsLcpNode.cpp in Sources */,
				5AF87EEB1BF506AF0075280A /* RootLcpNode.cpp in Sources */,
				5AF87EE61BF506AF0075280A /* LcpService.cpp in Sources */,
			);
			runOnlyForDeploymentPostprocessing = 0;
		};
/* End PBXSourcesBuildPhase section */

/* Begin XCBuildConfiguration section */
		5ACE2E121BF21D7900AC0585 /* Debug */ = {
			isa = XCBuildConfiguration;
			baseConfigurationReference = 5ACE2E7D1BF21EBE00AC0585 /* LCP Client.xcconfig */;
			buildSettings = {
				ALWAYS_SEARCH_USER_PATHS = NO;
				CLANG_CXX_LANGUAGE_STANDARD = "gnu++0x";
				CLANG_CXX_LIBRARY = "libc++";
				CLANG_ENABLE_MODULES = YES;
				CLANG_ENABLE_OBJC_ARC = YES;
				CLANG_WARN_BOOL_CONVERSION = YES;
				CLANG_WARN_CONSTANT_CONVERSION = YES;
				CLANG_WARN_DIRECT_OBJC_ISA_USAGE = YES_ERROR;
				CLANG_WARN_EMPTY_BODY = YES;
				CLANG_WARN_ENUM_CONVERSION = YES;
				CLANG_WARN_INT_CONVERSION = YES;
				CLANG_WARN_OBJC_ROOT_CLASS = YES_ERROR;
				CLANG_WARN_UNREACHABLE_CODE = YES;
				CLANG_WARN__DUPLICATE_METHOD_MATCH = YES;
				"CODE_SIGN_IDENTITY[sdk=iphoneos*]" = "iPhone Developer";
				COPY_PHASE_STRIP = NO;
				DEBUG_INFORMATION_FORMAT = dwarf;
				ENABLE_STRICT_OBJC_MSGSEND = YES;
				ENABLE_TESTABILITY = YES;
				GCC_C_LANGUAGE_STANDARD = gnu99;
				GCC_DYNAMIC_NO_PIC = NO;
				GCC_NO_COMMON_BLOCKS = YES;
				GCC_OPTIMIZATION_LEVEL = 0;
				GCC_PREPROCESSOR_DEFINITIONS = (
					"DEBUG=1",
					"$(inherited)",
				);
				GCC_WARN_64_TO_32_BIT_CONVERSION = YES;
				GCC_WARN_ABOUT_RETURN_TYPE = YES_ERROR;
				GCC_WARN_UNDECLARED_SELECTOR = YES;
				GCC_WARN_UNINITIALIZED_AUTOS = YES_AGGRESSIVE;
				GCC_WARN_UNUSED_FUNCTION = YES;
				GCC_WARN_UNUSED_VARIABLE = YES;
				IPHONEOS_DEPLOYMENT_TARGET = 9.1;
				MTL_ENABLE_DEBUG_INFO = YES;
				ONLY_ACTIVE_ARCH = YES;
				SDKROOT = iphoneos;
			};
			name = Debug;
		};
		5ACE2E131BF21D7900AC0585 /* Release */ = {
			isa = XCBuildConfiguration;
			baseConfigurationReference = 5ACE2E7D1BF21EBE00AC0585 /* LCP Client.xcconfig */;
			buildSettings = {
				ALWAYS_SEARCH_USER_PATHS = NO;
				CLANG_CXX_LANGUAGE_STANDARD = "gnu++0x";
				CLANG_CXX_LIBRARY = "libc++";
				CLANG_ENABLE_MODULES = YES;
				CLANG_ENABLE_OBJC_ARC = YES;
				CLANG_WARN_BOOL_CONVERSION = YES;
				CLANG_WARN_CONSTANT_CONVERSION = YES;
				CLANG_WARN_DIRECT_OBJC_ISA_USAGE = YES_ERROR;
				CLANG_WARN_EMPTY_BODY = YES;
				CLANG_WARN_ENUM_CONVERSION = YES;
				CLANG_WARN_INT_CONVERSION = YES;
				CLANG_WARN_OBJC_ROOT_CLASS = YES_ERROR;
				CLANG_WARN_UNREACHABLE_CODE = YES;
				CLANG_WARN__DUPLICATE_METHOD_MATCH = YES;
				"CODE_SIGN_IDENTITY[sdk=iphoneos*]" = "iPhone Developer";
				COPY_PHASE_STRIP = NO;
				DEBUG_INFORMATION_FORMAT = "dwarf-with-dsym";
				ENABLE_NS_ASSERTIONS = NO;
				ENABLE_STRICT_OBJC_MSGSEND = YES;
				GCC_C_LANGUAGE_STANDARD = gnu99;
				GCC_NO_COMMON_BLOCKS = YES;
				GCC_WARN_64_TO_32_BIT_CONVERSION = YES;
				GCC_WARN_ABOUT_RETURN_TYPE = YES_ERROR;
				GCC_WARN_UNDECLARED_SELECTOR = YES;
				GCC_WARN_UNINITIALIZED_AUTOS = YES_AGGRESSIVE;
				GCC_WARN_UNUSED_FUNCTION = YES;
				GCC_WARN_UNUSED_VARIABLE = YES;
				IPHONEOS_DEPLOYMENT_TARGET = 9.1;
				MTL_ENABLE_DEBUG_INFO = NO;
				SDKROOT = iphoneos;
				VALIDATE_PRODUCT = YES;
			};
			name = Release;
		};
		5ACE2E221BF21D8C00AC0585 /* Debug */ = {
			isa = XCBuildConfiguration;
			buildSettings = {
				IPHONEOS_DEPLOYMENT_TARGET = 7.0;
				OTHER_LDFLAGS = "-ObjC";
				PRODUCT_NAME = "LCP-client-iOS";
				SKIP_INSTALL = YES;
			};
			name = Debug;
		};
		5ACE2E231BF21D8C00AC0585 /* Release */ = {
			isa = XCBuildConfiguration;
			buildSettings = {
				IPHONEOS_DEPLOYMENT_TARGET = 7.0;
				OTHER_LDFLAGS = "-ObjC";
				PRODUCT_NAME = "LCP-client-iOS";
				SKIP_INSTALL = YES;
			};
			name = Release;
		};
/* End XCBuildConfiguration section */

/* Begin XCConfigurationList section */
		5ACE2E061BF21D7900AC0585 /* Build configuration list for PBXProject "LCP Client" */ = {
			isa = XCConfigurationList;
			buildConfigurations = (
				5ACE2E121BF21D7900AC0585 /* Debug */,
				5ACE2E131BF21D7900AC0585 /* Release */,
			);
			defaultConfigurationIsVisible = 0;
			defaultConfigurationName = Release;
		};
		5ACE2E211BF21D8C00AC0585 /* Build configuration list for PBXNativeTarget "LCP Client (iOS)" */ = {
			isa = XCConfigurationList;
			buildConfigurations = (
				5ACE2E221BF21D8C00AC0585 /* Debug */,
				5ACE2E231BF21D8C00AC0585 /* Release */,
			);
			defaultConfigurationIsVisible = 0;
			defaultConfigurationName = Release;
		};
/* End XCConfigurationList section */
	};
	rootObject = 5ACE2E031BF21D7900AC0585 /* Project object */;
}
