
Microsoft Visual Studio Solution File, Format Version 12.00
# Visual Studio 14
VisualStudioVersion = 14.0.23107.0
MinimumVisualStudioVersion = 10.0.40219.1
Project("{8BC9CEB8-8B4A-11D0-8D11-00A0C91BC942}") = "LcpCryptoLib", "LcpCryptoLib\LcpCryptoLib.vcxproj", "{260B5BB3-0BEF-4DC9-AC6F-E848FF487B2B}"
EndProject
Project("{8BC9CEB8-8B4A-11D0-8D11-00A0C91BC942}") = "rapidjson", "rapidjson\rapidjson.vcxproj", "{A26EFC86-CCDD-4EB9-BDC5-8ABD8AEB5199}"
EndProject
Project("{8BC9CEB8-8B4A-11D0-8D11-00A0C91BC942}") = "LcpCryptoLibTest", "LcpCryptoLibTest\LcpCryptoLibTest.vcxproj", "{9AE496CE-1811-4D1C-8B43-C8CDD64CB990}"
	ProjectSection(ProjectDependencies) = postProject
		{260B5BB3-0BEF-4DC9-AC6F-E848FF487B2B} = {260B5BB3-0BEF-4DC9-AC6F-E848FF487B2B}
	EndProjectSection
EndProject
Project("{8BC9CEB8-8B4A-11D0-8D11-00A0C91BC942}") = "utf8-cpp", "utf8-cpp\utf8-cpp.vcxproj", "{5499379B-FDCF-4D4D-8F45-5602AF16A955}"
EndProject
Global
	GlobalSection(SolutionConfigurationPlatforms) = preSolution
		Debug|x64 = Debug|x64
		Debug|x86 = Debug|x86
		Release|x64 = Release|x64
		Release|x86 = Release|x86
	EndGlobalSection
	GlobalSection(ProjectConfigurationPlatforms) = postSolution
		{260B5BB3-0BEF-4DC9-AC6F-E848FF487B2B}.Debug|x64.ActiveCfg = Debug|x64
		{260B5BB3-0BEF-4DC9-AC6F-E848FF487B2B}.Debug|x64.Build.0 = Debug|x64
		{260B5BB3-0BEF-4DC9-AC6F-E848FF487B2B}.Debug|x86.ActiveCfg = Debug|Win32
		{260B5BB3-0BEF-4DC9-AC6F-E848FF487B2B}.Debug|x86.Build.0 = Debug|Win32
		{260B5BB3-0BEF-4DC9-AC6F-E848FF487B2B}.Release|x64.ActiveCfg = Release|x64
		{260B5BB3-0BEF-4DC9-AC6F-E848FF487B2B}.Release|x64.Build.0 = Release|x64
		{260B5BB3-0BEF-4DC9-AC6F-E848FF487B2B}.Release|x86.ActiveCfg = Release|Win32
		{260B5BB3-0BEF-4DC9-AC6F-E848FF487B2B}.Release|x86.Build.0 = Release|Win32
		{A26EFC86-CCDD-4EB9-BDC5-8ABD8AEB5199}.Debug|x64.ActiveCfg = Debug|x64
		{A26EFC86-CCDD-4EB9-BDC5-8ABD8AEB5199}.Debug|x86.ActiveCfg = Debug|Win32
		{A26EFC86-CCDD-4EB9-BDC5-8ABD8AEB5199}.Release|x64.ActiveCfg = Release|x64
		{A26EFC86-CCDD-4EB9-BDC5-8ABD8AEB5199}.Release|x86.ActiveCfg = Release|Win32
		{9AE496CE-1811-4D1C-8B43-C8CDD64CB990}.Debug|x64.ActiveCfg = Debug|x64
		{9AE496CE-1811-4D1C-8B43-C8CDD64CB990}.Debug|x64.Build.0 = Debug|x64
		{9AE496CE-1811-4D1C-8B43-C8CDD64CB990}.Debug|x86.ActiveCfg = Debug|Win32
		{9AE496CE-1811-4D1C-8B43-C8CDD64CB990}.Debug|x86.Build.0 = Debug|Win32
		{9AE496CE-1811-4D1C-8B43-C8CDD64CB990}.Release|x64.ActiveCfg = Release|x64
		{9AE496CE-1811-4D1C-8B43-C8CDD64CB990}.Release|x64.Build.0 = Release|x64
		{9AE496CE-1811-4D1C-8B43-C8CDD64CB990}.Release|x86.ActiveCfg = Release|Win32
		{9AE496CE-1811-4D1C-8B43-C8CDD64CB990}.Release|x86.Build.0 = Release|Win32
		{5499379B-FDCF-4D4D-8F45-5602AF16A955}.Debug|x64.ActiveCfg = Debug|x64
		{5499379B-FDCF-4D4D-8F45-5602AF16A955}.Debug|x86.ActiveCfg = Debug|Win32
		{5499379B-FDCF-4D4D-8F45-5602AF16A955}.Release|x64.ActiveCfg = Release|x64
		{5499379B-FDCF-4D4D-8F45-5602AF16A955}.Release|x86.ActiveCfg = Release|Win32
	EndGlobalSection
	GlobalSection(SolutionProperties) = preSolution
		HideSolutionNode = FALSE
	EndGlobalSection
EndGlobal
